// !$*UTF8*$!
{
	archiveVersion = 1;
	classes = {
	};
	objectVersion = 77;
	objects = {

/* Begin PBXBuildFile section */
		003F52A76659EFB0D2FA8666 /* FlashCountWidget.swift in Sources */ = {isa = PBXBuildFile; fileRef = C2079B0C610F7D16FB9237E9 /* FlashCountWidget.swift */; };
		009547089DC9F725E34E80F1 /* Budget.swift in Sources */ = {isa = PBXBuildFile; fileRef = B517332913BF860F9A5593AC /* Budget.swift */; };
		034521543E79940405F4C51F /* CSVTransactionService.swift in Sources */ = {isa = PBXBuildFile; fileRef = F6EC02DA026860FD1B5DE60C /* CSVTransactionService.swift */; };
		053C79ED47833B74864A2F20 /* OnboardingView.swift in Sources */ = {isa = PBXBuildFile; fileRef = DF30FA16DCE6E0385B858671 /* OnboardingView.swift */; };
		05DEE01CF34746DA082E76F3 /* DataHealthRepairPreviewView.swift in Sources */ = {isa = PBXBuildFile; fileRef = E2BD91F5AD8968CAB66EA504 /* DataHealthRepairPreviewView.swift */; };
		06A524FFEF1E3C0166204953 /* LedgerView.swift in Sources */ = {isa = PBXBuildFile; fileRef = CA07EB27C4CAF30E53F187FB /* LedgerView.swift */; };
		06DCA2FDCE0C7A2A3D63332E /* LedgerSections.swift in Sources */ = {isa = PBXBuildFile; fileRef = AE9F137467C4C9058D41AD0C /* LedgerSections.swift */; };
		084E5C7F72EFC8C515770079 /* LiquidGlassContainer.swift in Sources */ = {isa = PBXBuildFile; fileRef = F6F1A9BBC47DE836248A9BE8 /* LiquidGlassContainer.swift */; };
		08D59C3839B22FBDD92D6EFC /* AppRoutingTests.swift in Sources */ = {isa = PBXBuildFile; fileRef = 5DDE23A26293092F1392788D /* AppRoutingTests.swift */; };
		0D20E9F543162AAB04EB83A4 /* PhysicalAssetView.swift in Sources */ = {isa = PBXBuildFile; fileRef = 150F70C88D7A26066D37B0AF /* PhysicalAssetView.swift */; };
		0D6CC3568E879C501B77EE1C /* AddReminderView.swift in Sources */ = {isa = PBXBuildFile; fileRef = 1A25736CBBC2CCA2F7E6527E /* AddReminderView.swift */; };
		0D6D087A308EBA9B366E15B7 /* NotificationScheduleCoordinatorTests.swift in Sources */ = {isa = PBXBuildFile; fileRef = 6E0972865ACDED27B1AAADF3 /* NotificationScheduleCoordinatorTests.swift */; };
		103A01669289A20425DBF5D4 /* ReminderItem.swift in Sources */ = {isa = PBXBuildFile; fileRef = 576E3BCB6980873E51D3A0B8 /* ReminderItem.swift */; };
		1107FB196BC96BF4C83CFB2C /* RecurringCatchUpPreferences.swift in Sources */ = {isa = PBXBuildFile; fileRef = 30159AD8FBCFF39D60087239 /* RecurringCatchUpPreferences.swift */; };
		13AC61775C4DCB3F2B84C126 /* CashPoolService.swift in Sources */ = {isa = PBXBuildFile; fileRef = 030061CEC562B81C1B7B0C3D /* CashPoolService.swift */; };
		14154192A38EC9EC98CEEFFC /* Transaction.swift in Sources */ = {isa = PBXBuildFile; fileRef = 76B154163C08B8060A9DE277 /* Transaction.swift */; };
		14A503E907A93958C352D9F4 /* RecurringService.swift in Sources */ = {isa = PBXBuildFile; fileRef = 6474E7E78E7F9BC4FFABA606 /* RecurringService.swift */; };
		1A452CBB6A09B051CE15209A /* DefaultDataService.swift in Sources */ = {isa = PBXBuildFile; fileRef = D4F8BA17A1077C74363D442E /* DefaultDataService.swift */; };
		1C18A58AF97AAA6C81DE7EFF /* LedgerQueryServiceTests.swift in Sources */ = {isa = PBXBuildFile; fileRef = 61B8D6D49F2BCB24D1BDCED8 /* LedgerQueryServiceTests.swift */; };
		1CA242D14AFB3671390BBF05 /* DataHealthFindingRow.swift in Sources */ = {isa = PBXBuildFile; fileRef = DC3D5D9116336DEFBF736CF6 /* DataHealthFindingRow.swift */; };
		1E594E500C23CE7A65B8CF23 /* FlashCountSchema.swift in Sources */ = {isa = PBXBuildFile; fileRef = 214FECFB8A46540B23411B24 /* FlashCountSchema.swift */; };
		1EDD37DA094667B6285517AC /* MainInterfaceExplorationView.swift in Sources */ = {isa = PBXBuildFile; fileRef = B82942383FFAC85D692A7031 /* MainInterfaceExplorationView.swift */; };
		1F3FD337430E5786ADA03F40 /* TemplateBarView.swift in Sources */ = {isa = PBXBuildFile; fileRef = DF6EA8F2E67C1B676182446B /* TemplateBarView.swift */; };
		24353780EBC756092F19094F /* AddAssetView.swift in Sources */ = {isa = PBXBuildFile; fileRef = 232747DAEE35358568E032BA /* AddAssetView.swift */; };
		25508CD080DACE14CE31BF56 /* Ledger.swift in Sources */ = {isa = PBXBuildFile; fileRef = AE1C3CA8CF1103A0EB494B7B /* Ledger.swift */; };
		286BB7B72143C23C8F2195E2 /* DataHealthService.swift in Sources */ = {isa = PBXBuildFile; fileRef = 6F2DFBA767ED9FC8AFB2BFB3 /* DataHealthService.swift */; };
		297C84DD5A6E76893D6656F8 /* FlashCountSmokeTests.swift in Sources */ = {isa = PBXBuildFile; fileRef = 010DCAEA1FA46115992DA27F /* FlashCountSmokeTests.swift */; };
		29A922DE0C8EC201C201181D /* InstallmentBillView.swift in Sources */ = {isa = PBXBuildFile; fileRef = 62F04AD8E1487702754644DD /* InstallmentBillView.swift */; };
		2B5D41A4F0E108AF9B69568C /* FlashCountApp.swift in Sources */ = {isa = PBXBuildFile; fileRef = 5135CC79D6F54B517077FC78 /* FlashCountApp.swift */; };
		2D6A2C81E34D8CE4F16B8474 /* ReportRoute.swift in Sources */ = {isa = PBXBuildFile; fileRef = B66674F214D250C00FDB12AA /* ReportRoute.swift */; };
		32FD6E021D51ECE4823F7742 /* FinanceDomainTests.swift in Sources */ = {isa = PBXBuildFile; fileRef = F27BCD9B648D9091737CA888 /* FinanceDomainTests.swift */; };
		33AC277FE5E36B92BDAEDFF2 /* InstallmentBill.swift in Sources */ = {isa = PBXBuildFile; fileRef = E44850532ED0D315BFCB16D9 /* InstallmentBill.swift */; };
		33F008A1FD132222A2B1128C /* WeekendBudgetPreferences.swift in Sources */ = {isa = PBXBuildFile; fileRef = 4F9F2891D6F47600C3813AD6 /* WeekendBudgetPreferences.swift */; };
		3598F1C79B571778BC11A2E3 /* PayCycleService.swift in Sources */ = {isa = PBXBuildFile; fileRef = C8FC52EA4884A4B39278E912 /* PayCycleService.swift */; };
		36D8A0E12D8A879A682B28BE /* PhysicalAssetCard.swift in Sources */ = {isa = PBXBuildFile; fileRef = 45E85D7B32A0C90810D5065E /* PhysicalAssetCard.swift */; };
		37313D9C291DC910A0373683 /* BudgetReminderService.swift in Sources */ = {isa = PBXBuildFile; fileRef = 8000784A9F364513ECB6E916 /* BudgetReminderService.swift */; };
		38196E36BC568F0A62B77EA5 /* BudgetAnalyzer.swift in Sources */ = {isa = PBXBuildFile; fileRef = B05285ADD9B6AC2660BBBF3E /* BudgetAnalyzer.swift */; };
		408D4A9C5FE25933D921CC65 /* QuickEntryControls.swift in Sources */ = {isa = PBXBuildFile; fileRef = 12725CFF78C8F60C33B60C1D /* QuickEntryControls.swift */; };
		43FA19D47F572B37BAF472C9 /* ReportAnalytics.swift in Sources */ = {isa = PBXBuildFile; fileRef = 3CC9CB89C291CEFB4E009431 /* ReportAnalytics.swift */; };
		446188EEBD1730677AB7E8EA /* DataHealthCenterView.swift in Sources */ = {isa = PBXBuildFile; fileRef = BEE26957D3CB28546317F74A /* DataHealthCenterView.swift */; };
		46CCFBBCF0ED67C7AD57A01E /* LocalActionCenterService.swift in Sources */ = {isa = PBXBuildFile; fileRef = 81F7DCDADD9D50A3788689B4 /* LocalActionCenterService.swift */; };
		477FE6D911C1CB5CF2BD14AE /* ActionCenterSectionView.swift in Sources */ = {isa = PBXBuildFile; fileRef = A6C0DD52FD2FB7E04CB69EA0 /* ActionCenterSectionView.swift */; };
		47F7CAA99413B5D4CAF92EA7 /* ActionCenterView.swift in Sources */ = {isa = PBXBuildFile; fileRef = 21F4FF17AAAB8B289855E97A /* ActionCenterView.swift */; };
		48ABF62D1E1FB42B901F8235 /* ReportReminderPreferencesStore.swift in Sources */ = {isa = PBXBuildFile; fileRef = 44ED3657E41E040314D63848 /* ReportReminderPreferencesStore.swift */; };
		4937879A4084BE8B7C3FB72A /* DailyBudgetScopeView.swift in Sources */ = {isa = PBXBuildFile; fileRef = E6C353AB5561EBD96657B182 /* DailyBudgetScopeView.swift */; };
		499C894AE855060406B52B76 /* CategoryBudgetService.swift in Sources */ = {isa = PBXBuildFile; fileRef = 45CCF20C66441FB06536D937 /* CategoryBudgetService.swift */; };
		4AD3D846FD1695BA9132B7FC /* PrivacyInfo.xcprivacy in Resources */ = {isa = PBXBuildFile; fileRef = 1ADA7956C6C99C09B67BA62C /* PrivacyInfo.xcprivacy */; };
		4B20EAB7205F2BF68B6F4117 /* AssetDashboardView.swift in Sources */ = {isa = PBXBuildFile; fileRef = 419CC96D1F0DAFBC7CEF02E1 /* AssetDashboardView.swift */; };
		4B6BDBD4D494CD302A0B6216 /* DataHealthRepairPlan.swift in Sources */ = {isa = PBXBuildFile; fileRef = 52FC2A042FE21B6B6BD477C1 /* DataHealthRepairPlan.swift */; };
		50DA9190E88420449175A95D /* CategoryBudgetsView.swift in Sources */ = {isa = PBXBuildFile; fileRef = 6D2927DCAF44C764B12376C6 /* CategoryBudgetsView.swift */; };
		521BAA56D0D45CDDEC999D79 /* LedgerPresentation.swift in Sources */ = {isa = PBXBuildFile; fileRef = A503499BBB8FAD9C2B718B91 /* LedgerPresentation.swift */; };
		566909CCF24EE8E82A4466DD /* DataHealthServiceTests.swift in Sources */ = {isa = PBXBuildFile; fileRef = 4A311A07E87BD6282499BBE4 /* DataHealthServiceTests.swift */; };
		57E48658B4E0DE4D34531491 /* LedgerQueryService.swift in Sources */ = {isa = PBXBuildFile; fileRef = 9135D5FD720592C567187C6E /* LedgerQueryService.swift */; };
		636984214ED3D236A36BE33C /* LedgerActions.swift in Sources */ = {isa = PBXBuildFile; fileRef = 338B2E3E70FD9CBF647930A3 /* LedgerActions.swift */; };
		6D33173402F409712ABD8C4B /* RecurringRule.swift in Sources */ = {isa = PBXBuildFile; fileRef = FB3F38C38BEDF6396D15AE5E /* RecurringRule.swift */; };
		6FF2E927C28F2BC8CF8D8AD9 /* CashFlowForecastView.swift in Sources */ = {isa = PBXBuildFile; fileRef = 3D151BB6EE2B34C65A55127D /* CashFlowForecastView.swift */; };
		7169A901830F89B7903D8E89 /* RecurringOccurrence.swift in Sources */ = {isa = PBXBuildFile; fileRef = 8E790332CC55AA352958CE31 /* RecurringOccurrence.swift */; };
		7267A374058B259F89E85E4D /* MoneyValidation.swift in Sources */ = {isa = PBXBuildFile; fileRef = B8F2123F4154B8A530ECE311 /* MoneyValidation.swift */; };
		72F946F6C71EA33E9C6291F3 /* DataHealthIssueKind.swift in Sources */ = {isa = PBXBuildFile; fileRef = FAA5288E4B0ADB2DA4F1023A /* DataHealthIssueKind.swift */; };
		753D798DE4FE0527DCA047FB /* FlashCountWidget.appex in Embed Foundation Extensions */ = {isa = PBXBuildFile; fileRef = A1267CA21CFC02E8A51C6265 /* FlashCountWidget.appex */; settings = {ATTRIBUTES = (RemoveHeadersOnCopy, ); }; };
		761B5FD76B5F4ED70574FDA4 /* LedgerSearchDebounce.swift in Sources */ = {isa = PBXBuildFile; fileRef = 14684BA5884DAC7DC46D25FC /* LedgerSearchDebounce.swift */; };
		766F95A7EBCE7F17716BD6F8 /* CategoryWheelLayoutTests.swift in Sources */ = {isa = PBXBuildFile; fileRef = 43E5ECC46BF137742CF4ACC0 /* CategoryWheelLayoutTests.swift */; };
		767FEA5F7D91266230ECD27A /* FilterSheetView.swift in Sources */ = {isa = PBXBuildFile; fileRef = C21D4CF12A83838BD6E0C22C /* FilterSheetView.swift */; };
		76C7819968ECFCD63E637773 /* ReportReminderNotificationService.swift in Sources */ = {isa = PBXBuildFile; fileRef = 25E3F6BCDD308CC403615B0C /* ReportReminderNotificationService.swift */; };
		77D08BC677CCD4BBAF5D1EFD /* Asset.swift in Sources */ = {isa = PBXBuildFile; fileRef = C5E8F3236E0B0D21EDFE1D2E /* Asset.swift */; };
		78BE90FC010275086F0283C1 /* TemplateManagementView.swift in Sources */ = {isa = PBXBuildFile; fileRef = 3C4577B9A4B3DCE41C5A23B6 /* TemplateManagementView.swift */; };
		79A09BC752DDE1EB972911EB /* ReminderView.swift in Sources */ = {isa = PBXBuildFile; fileRef = EE30225D24B9028D99C97465 /* ReminderView.swift */; };
		79A65B77FFA075B97C9832BC /* CategoryWheelLayout.swift in Sources */ = {isa = PBXBuildFile; fileRef = B8C3F704C0822AEC0F80907D /* CategoryWheelLayout.swift */; };
		79C405E10782A42CD9094135 /* CategoryManagementServiceTests.swift in Sources */ = {isa = PBXBuildFile; fileRef = 8EEE30A9A79A753F3D97B6A5 /* CategoryManagementServiceTests.swift */; };
		7A83F34058A971E78961B56A /* SettingsView.swift in Sources */ = {isa = PBXBuildFile; fileRef = 462A15F41FD0AD3DFEAAE8A0 /* SettingsView.swift */; };
		7B2E32BCD75D603E808F3DF5 /* AddRecurringRuleView.swift in Sources */ = {isa = PBXBuildFile; fileRef = 9C362FFD8BCB929EA58D61DD /* AddRecurringRuleView.swift */; };
		7F21B166EA9E33F571BDAD4D /* StartupFailureView.swift in Sources */ = {isa = PBXBuildFile; fileRef = 6D8CD218FE5B62A309ABCC2C /* StartupFailureView.swift */; };
		8ABD1900D21A8334186174CB /* ReminderStore.swift in Sources */ = {isa = PBXBuildFile; fileRef = DC429AB33ED6D42759B6E578 /* ReminderStore.swift */; };
		8B14B7CCE526CEA574D835BD /* QuickEntryView.swift in Sources */ = {isa = PBXBuildFile; fileRef = 30F36E7D8B4A5B1B308F1B43 /* QuickEntryView.swift */; };
		8E2B8F3AA30DF91D2F8E4A81 /* ReportBudgetSnapshotService.swift in Sources */ = {isa = PBXBuildFile; fileRef = D3474D18D3D98F0E29892BC0 /* ReportBudgetSnapshotService.swift */; };
		910B7574E688BB5DE807C3C7 /* BackTapSetupView.swift in Sources */ = {isa = PBXBuildFile; fileRef = 028A18C5446374159C5C739F /* BackTapSetupView.swift */; };
		9518C01319B7D3B8E9D5F2C0 /* TransactionMutationService.swift in Sources */ = {isa = PBXBuildFile; fileRef = F5A4F1F7A955939CC5EFE7D7 /* TransactionMutationService.swift */; };
		9542F7F221B42C848E869513 /* CashPoolView.swift in Sources */ = {isa = PBXBuildFile; fileRef = 28E6DA89B6319DACF056D151 /* CashPoolView.swift */; };
		956A8946BB1BABCBF2A2944A /* ReminderNotificationService.swift in Sources */ = {isa = PBXBuildFile; fileRef = 01515A08E90F3CA3A92FB9E9 /* ReminderNotificationService.swift */; };
		96B3F99FAFDD16B3CE9293DC /* LedgerComponents.swift in Sources */ = {isa = PBXBuildFile; fileRef = 6FC6A8D084532B8B141489D2 /* LedgerComponents.swift */; };
		974A04365C4FFFFB6E96DA01 /* PrivacyLockService.swift in Sources */ = {isa = PBXBuildFile; fileRef = BE917E63B5B43B926D1745C8 /* PrivacyLockService.swift */; };
		987E0D8310DFAAF54DD28DE5 /* ReportView.swift in Sources */ = {isa = PBXBuildFile; fileRef = 5B8F866E732FA0C08D5772C1 /* ReportView.swift */; };
		9A1B7990A72D765C519C66E1 /* AppDeepLink.swift in Sources */ = {isa = PBXBuildFile; fileRef = A218A299FB92357FF2E66D84 /* AppDeepLink.swift */; };
		9E273460795C36FE8FF71EC0 /* ErrorHandling.swift in Sources */ = {isa = PBXBuildFile; fileRef = FBFD2135FE36029863FB0A1A /* ErrorHandling.swift */; };
		A0AC83B2A0FF088F7C84F224 /* ReportPeriodCalculator.swift in Sources */ = {isa = PBXBuildFile; fileRef = 46165C4E87806B426267358D /* ReportPeriodCalculator.swift */; };
		A13EA735400140C43507A11A /* CalendarView.swift in Sources */ = {isa = PBXBuildFile; fileRef = 07DB9D3D6E1549D61AC58249 /* CalendarView.swift */; };
		A16A0F66608A906CB25BB8D6 /* ReportReminderSettingsView.swift in Sources */ = {isa = PBXBuildFile; fileRef = 0D92C1E2A72C7A3009D2099B /* ReportReminderSettingsView.swift */; };
		A18379BF155BB463147BDC67 /* RecurringBackfillView.swift in Sources */ = {isa = PBXBuildFile; fileRef = 46E953CA1571C433A5AD9730 /* RecurringBackfillView.swift */; };
		A251807FC75C217BFDE54A52 /* Extensions.swift in Sources */ = {isa = PBXBuildFile; fileRef = 03D1DAE410336C0B0B1944E7 /* Extensions.swift */; };
		A437C73FD9A2A6A8BA0B9816 /* CategoryPickerComponents.swift in Sources */ = {isa = PBXBuildFile; fileRef = 1E27D09CD08C8BE96114E84E /* CategoryPickerComponents.swift */; };
		A83F1C6562794AB34A06D77D /* DataHealthReport.swift in Sources */ = {isa = PBXBuildFile; fileRef = D46587B0FD88BF215D27EEE1 /* DataHealthReport.swift */; };
		A8463ADEDD3C2C41BF65699E /* NotificationScheduleCoordinator.swift in Sources */ = {isa = PBXBuildFile; fileRef = 36EFD1230AE17F67A1659B34 /* NotificationScheduleCoordinator.swift */; };
		AB314B983A9FA9676E868A9F /* Reminder.swift in Sources */ = {isa = PBXBuildFile; fileRef = F8466A7DFE220F43816D4D85 /* Reminder.swift */; };
		ABFFFD627940DC5832F15319 /* PhysicalAsset.swift in Sources */ = {isa = PBXBuildFile; fileRef = 495651D53C44DD6B14725323 /* PhysicalAsset.swift */; };
		AD7031C194788D8B54FE7CD4 /* RecurringSuggestionServiceTests.swift in Sources */ = {isa = PBXBuildFile; fileRef = 60F4EB3B90C22E051B3E0758 /* RecurringSuggestionServiceTests.swift */; };
		AE768A256295BDEF75B75208 /* LedgerConsolidationTests.swift in Sources */ = {isa = PBXBuildFile; fileRef = C0AFD575D6F4AE32DA7320F0 /* LedgerConsolidationTests.swift */; };
		B81D4AC7DDCC78C1344B85F4 /* ActionCenterItemRow.swift in Sources */ = {isa = PBXBuildFile; fileRef = 644EEC0E4F8740428A7AA323 /* ActionCenterItemRow.swift */; };
		B9810EFEB42E21055212EDE1 /* TransactionTemplate.swift in Sources */ = {isa = PBXBuildFile; fileRef = 6F8839618ED5DD4131D896BC /* TransactionTemplate.swift */; };
		BC127538CDBB6E96B9C45313 /* ValidationMessage.swift in Sources */ = {isa = PBXBuildFile; fileRef = CAB7A360D69781ACB0C93555 /* ValidationMessage.swift */; };
		C330EC5AF4CAAD47D8700F72 /* DataHealthFinding.swift in Sources */ = {isa = PBXBuildFile; fileRef = 1A9EBEA175489728B6345C61 /* DataHealthFinding.swift */; };
		C3C6B2BC947F3488E07D1D30 /* SavingsGoal.swift in Sources */ = {isa = PBXBuildFile; fileRef = 26A56643F838FD8572D2C332 /* SavingsGoal.swift */; };
		C64617B89C3C7D615AFF4E54 /* CashFlowForecastService.swift in Sources */ = {isa = PBXBuildFile; fileRef = 66911680311D897822DE8A7A /* CashFlowForecastService.swift */; };
		C6C6BAC0237D90145BE5A35E /* DesignSystem.swift in Sources */ = {isa = PBXBuildFile; fileRef = 49B6F38607655BC6FD7A32D2 /* DesignSystem.swift */; };
		C848E682CA61B43B128D3D14 /* TransactionMutationServiceTests.swift in Sources */ = {isa = PBXBuildFile; fileRef = 09BB1327CFF99993D1AA8FE5 /* TransactionMutationServiceTests.swift */; };
		C8E5CB5BE7E12308E665826C /* VisualDirectionExplorationView.swift in Sources */ = {isa = PBXBuildFile; fileRef = 1DC60DF27B6C57F670C432D9 /* VisualDirectionExplorationView.swift */; };
		CA590ACC5FD95332D299F726 /* ActionCenterSummaryView.swift in Sources */ = {isa = PBXBuildFile; fileRef = ED4B2EBB93F770D4860E517A /* ActionCenterSummaryView.swift */; };
		CCF82D22CC92B875526692A2 /* ReportDomainTests.swift in Sources */ = {isa = PBXBuildFile; fileRef = A27C19DB4A8F453637E7259D /* ReportDomainTests.swift */; };
		CD161CD39C37F8747F8F19D5 /* SavingsGoalView.swift in Sources */ = {isa = PBXBuildFile; fileRef = 2C6FDA81436A9B8623D1B0EA /* SavingsGoalView.swift */; };
		CE7B1D6D32B88BC5FA52091D /* BackupImporter.swift in Sources */ = {isa = PBXBuildFile; fileRef = 17FA43688643A3C342CFFFB0 /* BackupImporter.swift */; };
		D284938ECE4AE2580EF1C53F /* ReportPresentation.swift in Sources */ = {isa = PBXBuildFile; fileRef = C1FF48441638307D9EDBA856 /* ReportPresentation.swift */; };
		D6D8F110738749552014E054 /* RecurringSuggestionService.swift in Sources */ = {isa = PBXBuildFile; fileRef = C5ED7B860543EE1DAC1F409D /* RecurringSuggestionService.swift */; };
		DB2D5B73969518D0F9E6832B /* CategoryManagementView.swift in Sources */ = {isa = PBXBuildFile; fileRef = A4AA931D05FE98E02F5BC0EB /* CategoryManagementView.swift */; };
		DE83E5479BD532D70F116869 /* Category.swift in Sources */ = {isa = PBXBuildFile; fileRef = 437BC90EE7A47F7AA13A5C1F /* Category.swift */; };
		DF3833A27A9AC1A6E0042549 /* BudgetComponents.swift in Sources */ = {isa = PBXBuildFile; fileRef = 4A051412B9C908E512258A73 /* BudgetComponents.swift */; };
		DFAA93C9FF21FE7B00ADBB2B /* DataBackupService.swift in Sources */ = {isa = PBXBuildFile; fileRef = 833EE24295DF6CB4E0ADCD9E /* DataBackupService.swift */; };
		E0EDF6CED6EA923227750436 /* QuickAddIntent.swift in Sources */ = {isa = PBXBuildFile; fileRef = 6958950D41A4E8CD91DCB2E5 /* QuickAddIntent.swift */; };
		E1F6596C2F2E72BC3D9F0382 /* BackupDTOs.swift in Sources */ = {isa = PBXBuildFile; fileRef = 3E4D4723234C67B3806CD0DE /* BackupDTOs.swift */; };
		E2A388E38382798E2CA5EE42 /* BackupValidator.swift in Sources */ = {isa = PBXBuildFile; fileRef = AC96BAF328BC8C136668E8ED /* BackupValidator.swift */; };
		E2D3A01933DF811F95FFC072 /* RecurringOccurrenceService.swift in Sources */ = {isa = PBXBuildFile; fileRef = 5149DDB0778D319390564E4F /* RecurringOccurrenceService.swift */; };
		E371EC1E626E145C33A1646D /* Assets.xcassets in Resources */ = {isa = PBXBuildFile; fileRef = EEBF638849D9D22CD83348A1 /* Assets.xcassets */; };
		E593E42B4BA66B8FD5435AE1 /* EditTransactionView.swift in Sources */ = {isa = PBXBuildFile; fileRef = A50EA6A8307B2FDA8033E4DB /* EditTransactionView.swift */; };
		E5F01D6D9E75A893B253FD5F /* BudgetView.swift in Sources */ = {isa = PBXBuildFile; fileRef = 7836FC4CCC50F8A05E62E77C /* BudgetView.swift */; };
		E7453E3C78C7446597DB37F8 /* RecurringRulesView.swift in Sources */ = {isa = PBXBuildFile; fileRef = 786867EA7BF3F04C8601AAA1 /* RecurringRulesView.swift */; };
		E7DF1CD725953C8F75956F96 /* LocalActionCenterServiceTests.swift in Sources */ = {isa = PBXBuildFile; fileRef = B5FEB9024E51A499AAC08A77 /* LocalActionCenterServiceTests.swift */; };
		E87C26B205A6BD9DF5899D6A /* LedgerFilterState.swift in Sources */ = {isa = PBXBuildFile; fileRef = 6310F1C512A94ECA5EBBACDF /* LedgerFilterState.swift */; };
		EAE5F1B90485C2B9D216D921 /* CashFlowForecastTests.swift in Sources */ = {isa = PBXBuildFile; fileRef = A09A3E2CB08BE1306C67F21D /* CashFlowForecastTests.swift */; };
		EBBF916F14AF425E80258E06 /* CategoryManagementService.swift in Sources */ = {isa = PBXBuildFile; fileRef = BB731302FEBB7ACF712BE21C /* CategoryManagementService.swift */; };
		EDBDC59FE0C41CD7C6ACD8EF /* MoneyValidationTests.swift in Sources */ = {isa = PBXBuildFile; fileRef = 2CDD11E538004796EB92A4F0 /* MoneyValidationTests.swift */; };
		EDE549C053A24074D2EE4D6E /* MainTabView.swift in Sources */ = {isa = PBXBuildFile; fileRef = 454084E97E2460EC422CA4D1 /* MainTabView.swift */; };
		EFA3FA702D94A14C5FA060D2 /* BackupExporter.swift in Sources */ = {isa = PBXBuildFile; fileRef = 4A843AEFBCC16B33EAF56D8C /* BackupExporter.swift */; };
		FD22C948714225832CA36F1E /* ReportService.swift in Sources */ = {isa = PBXBuildFile; fileRef = 4E84B09AC458C202DD5AB64A /* ReportService.swift */; };
		FE3F5BF744046B84CA2050D6 /* CashPool.swift in Sources */ = {isa = PBXBuildFile; fileRef = 93D00BC2D91830E9EF101E56 /* CashPool.swift */; };
/* End PBXBuildFile section */

/* Begin PBXContainerItemProxy section */
		23D48FB61B1684FED1A764D8 /* PBXContainerItemProxy */ = {
			isa = PBXContainerItemProxy;
			containerPortal = 2A0D6562311AC34A1F3D04EB /* Project object */;
			proxyType = 1;
			remoteGlobalIDString = CEA7B1E343522F154C31F430;
			remoteInfo = FlashCount;
		};
		506DDBACC373561A23CCD4BC /* PBXContainerItemProxy */ = {
			isa = PBXContainerItemProxy;
			containerPortal = 2A0D6562311AC34A1F3D04EB /* Project object */;
			proxyType = 1;
			remoteGlobalIDString = CEA7B1E343522F154C31F430;
			remoteInfo = FlashCount;
		};
		72E1CED782E191819D84189B /* PBXContainerItemProxy */ = {
			isa = PBXContainerItemProxy;
			containerPortal = 2A0D6562311AC34A1F3D04EB /* Project object */;
			proxyType = 1;
			remoteGlobalIDString = 451BED9B057F84F883B0413C;
			remoteInfo = FlashCountWidget;
		};
/* End PBXContainerItemProxy section */

/* Begin PBXCopyFilesBuildPhase section */
		D28963889E23DE94710933B1 /* Embed Foundation Extensions */ = {
			isa = PBXCopyFilesBuildPhase;
			buildActionMask = 2147483647;
			dstPath = "";
			dstSubfolderSpec = 13;
			files = (
				753D798DE4FE0527DCA047FB /* FlashCountWidget.appex in Embed Foundation Extensions */,
			);
			name = "Embed Foundation Extensions";
			runOnlyForDeploymentPostprocessing = 0;
		};
/* End PBXCopyFilesBuildPhase section */

/* Begin PBXFileReference section */
		010DCAEA1FA46115992DA27F /* FlashCountSmokeTests.swift */ = {isa = PBXFileReference; lastKnownFileType = sourcecode.swift; path = FlashCountSmokeTests.swift; sourceTree = "<group>"; };
		01515A08E90F3CA3A92FB9E9 /* ReminderNotificationService.swift */ = {isa = PBXFileReference; lastKnownFileType = sourcecode.swift; path = ReminderNotificationService.swift; sourceTree = "<group>"; };
		0197D9BCB20EB9FAF4DCA417 /* Info.plist */ = {isa = PBXFileReference; lastKnownFileType = text.plist; path = Info.plist; sourceTree = "<group>"; };
		028A18C5446374159C5C739F /* BackTapSetupView.swift */ = {isa = PBXFileReference; lastKnownFileType = sourcecode.swift; path = BackTapSetupView.swift; sourceTree = "<group>"; };
		030061CEC562B81C1B7B0C3D /* CashPoolService.swift */ = {isa = PBXFileReference; lastKnownFileType = sourcecode.swift; path = CashPoolService.swift; sourceTree = "<group>"; };
		03D1DAE410336C0B0B1944E7 /* Extensions.swift */ = {isa = PBXFileReference; lastKnownFileType = sourcecode.swift; path = Extensions.swift; sourceTree = "<group>"; };
		07DB9D3D6E1549D61AC58249 /* CalendarView.swift */ = {isa = PBXFileReference; lastKnownFileType = sourcecode.swift; path = CalendarView.swift; sourceTree = "<group>"; };
		09BB1327CFF99993D1AA8FE5 /* TransactionMutationServiceTests.swift */ = {isa = PBXFileReference; lastKnownFileType = sourcecode.swift; path = TransactionMutationServiceTests.swift; sourceTree = "<group>"; };
		0D92C1E2A72C7A3009D2099B /* ReportReminderSettingsView.swift */ = {isa = PBXFileReference; lastKnownFileType = sourcecode.swift; path = ReportReminderSettingsView.swift; sourceTree = "<group>"; };
		12725CFF78C8F60C33B60C1D /* QuickEntryControls.swift */ = {isa = PBXFileReference; lastKnownFileType = sourcecode.swift; path = QuickEntryControls.swift; sourceTree = "<group>"; };
		14684BA5884DAC7DC46D25FC /* LedgerSearchDebounce.swift */ = {isa = PBXFileReference; lastKnownFileType = sourcecode.swift; path = LedgerSearchDebounce.swift; sourceTree = "<group>"; };
		150F70C88D7A26066D37B0AF /* PhysicalAssetView.swift */ = {isa = PBXFileReference; lastKnownFileType = sourcecode.swift; path = PhysicalAssetView.swift; sourceTree = "<group>"; };
		17FA43688643A3C342CFFFB0 /* BackupImporter.swift */ = {isa = PBXFileReference; lastKnownFileType = sourcecode.swift; path = BackupImporter.swift; sourceTree = "<group>"; };
		1A25736CBBC2CCA2F7E6527E /* AddReminderView.swift */ = {isa = PBXFileReference; lastKnownFileType = sourcecode.swift; path = AddReminderView.swift; sourceTree = "<group>"; };
		1A9EBEA175489728B6345C61 /* DataHealthFinding.swift */ = {isa = PBXFileReference; lastKnownFileType = sourcecode.swift; path = DataHealthFinding.swift; sourceTree = "<group>"; };
		1ADA7956C6C99C09B67BA62C /* PrivacyInfo.xcprivacy */ = {isa = PBXFileReference; path = PrivacyInfo.xcprivacy; sourceTree = "<group>"; };
		1DC60DF27B6C57F670C432D9 /* VisualDirectionExplorationView.swift */ = {isa = PBXFileReference; lastKnownFileType = sourcecode.swift; path = VisualDirectionExplorationView.swift; sourceTree = "<group>"; };
		1E27D09CD08C8BE96114E84E /* CategoryPickerComponents.swift */ = {isa = PBXFileReference; lastKnownFileType = sourcecode.swift; path = CategoryPickerComponents.swift; sourceTree = "<group>"; };
		214FECFB8A46540B23411B24 /* FlashCountSchema.swift */ = {isa = PBXFileReference; lastKnownFileType = sourcecode.swift; path = FlashCountSchema.swift; sourceTree = "<group>"; };
		21F4FF17AAAB8B289855E97A /* ActionCenterView.swift */ = {isa = PBXFileReference; lastKnownFileType = sourcecode.swift; path = ActionCenterView.swift; sourceTree = "<group>"; };
		232747DAEE35358568E032BA /* AddAssetView.swift */ = {isa = PBXFileReference; lastKnownFileType = sourcecode.swift; path = AddAssetView.swift; sourceTree = "<group>"; };
		25E3F6BCDD308CC403615B0C /* ReportReminderNotificationService.swift */ = {isa = PBXFileReference; lastKnownFileType = sourcecode.swift; path = ReportReminderNotificationService.swift; sourceTree = "<group>"; };
		26A56643F838FD8572D2C332 /* SavingsGoal.swift */ = {isa = PBXFileReference; lastKnownFileType = sourcecode.swift; path = SavingsGoal.swift; sourceTree = "<group>"; };
		28E6DA89B6319DACF056D151 /* CashPoolView.swift */ = {isa = PBXFileReference; lastKnownFileType = sourcecode.swift; path = CashPoolView.swift; sourceTree = "<group>"; };
		2A6F0FE7E7532EF570AC9E66 /* FlashCount.entitlements */ = {isa = PBXFileReference; lastKnownFileType = text.plist.entitlements; path = FlashCount.entitlements; sourceTree = "<group>"; };
		2C6FDA81436A9B8623D1B0EA /* SavingsGoalView.swift */ = {isa = PBXFileReference; lastKnownFileType = sourcecode.swift; path = SavingsGoalView.swift; sourceTree = "<group>"; };
		2CDD11E538004796EB92A4F0 /* MoneyValidationTests.swift */ = {isa = PBXFileReference; lastKnownFileType = sourcecode.swift; path = MoneyValidationTests.swift; sourceTree = "<group>"; };
		30159AD8FBCFF39D60087239 /* RecurringCatchUpPreferences.swift */ = {isa = PBXFileReference; lastKnownFileType = sourcecode.swift; path = RecurringCatchUpPreferences.swift; sourceTree = "<group>"; };
		30F36E7D8B4A5B1B308F1B43 /* QuickEntryView.swift */ = {isa = PBXFileReference; lastKnownFileType = sourcecode.swift; path = QuickEntryView.swift; sourceTree = "<group>"; };
		338B2E3E70FD9CBF647930A3 /* LedgerActions.swift */ = {isa = PBXFileReference; lastKnownFileType = sourcecode.swift; path = LedgerActions.swift; sourceTree = "<group>"; };
		36EFD1230AE17F67A1659B34 /* NotificationScheduleCoordinator.swift */ = {isa = PBXFileReference; lastKnownFileType = sourcecode.swift; path = NotificationScheduleCoordinator.swift; sourceTree = "<group>"; };
		3C4577B9A4B3DCE41C5A23B6 /* TemplateManagementView.swift */ = {isa = PBXFileReference; lastKnownFileType = sourcecode.swift; path = TemplateManagementView.swift; sourceTree = "<group>"; };
		3CC9CB89C291CEFB4E009431 /* ReportAnalytics.swift */ = {isa = PBXFileReference; lastKnownFileType = sourcecode.swift; path = ReportAnalytics.swift; sourceTree = "<group>"; };
		3D151BB6EE2B34C65A55127D /* CashFlowForecastView.swift */ = {isa = PBXFileReference; lastKnownFileType = sourcecode.swift; path = CashFlowForecastView.swift; sourceTree = "<group>"; };
		3E4D4723234C67B3806CD0DE /* BackupDTOs.swift */ = {isa = PBXFileReference; lastKnownFileType = sourcecode.swift; path = BackupDTOs.swift; sourceTree = "<group>"; };
		40E1000D12E1271BE99571BE /* Info.plist */ = {isa = PBXFileReference; lastKnownFileType = text.plist; path = Info.plist; sourceTree = "<group>"; };
		419CC96D1F0DAFBC7CEF02E1 /* AssetDashboardView.swift */ = {isa = PBXFileReference; lastKnownFileType = sourcecode.swift; path = AssetDashboardView.swift; sourceTree = "<group>"; };
		437BC90EE7A47F7AA13A5C1F /* Category.swift */ = {isa = PBXFileReference; lastKnownFileType = sourcecode.swift; path = Category.swift; sourceTree = "<group>"; };
		43E5ECC46BF137742CF4ACC0 /* CategoryWheelLayoutTests.swift */ = {isa = PBXFileReference; lastKnownFileType = sourcecode.swift; path = CategoryWheelLayoutTests.swift; sourceTree = "<group>"; };
		44ED3657E41E040314D63848 /* ReportReminderPreferencesStore.swift */ = {isa = PBXFileReference; lastKnownFileType = sourcecode.swift; path = ReportReminderPreferencesStore.swift; sourceTree = "<group>"; };
		454084E97E2460EC422CA4D1 /* MainTabView.swift */ = {isa = PBXFileReference; lastKnownFileType = sourcecode.swift; path = MainTabView.swift; sourceTree = "<group>"; };
		45CCF20C66441FB06536D937 /* CategoryBudgetService.swift */ = {isa = PBXFileReference; lastKnownFileType = sourcecode.swift; path = CategoryBudgetService.swift; sourceTree = "<group>"; };
		45E85D7B32A0C90810D5065E /* PhysicalAssetCard.swift */ = {isa = PBXFileReference; lastKnownFileType = sourcecode.swift; path = PhysicalAssetCard.swift; sourceTree = "<group>"; };
		46165C4E87806B426267358D /* ReportPeriodCalculator.swift */ = {isa = PBXFileReference; lastKnownFileType = sourcecode.swift; path = ReportPeriodCalculator.swift; sourceTree = "<group>"; };
		462A15F41FD0AD3DFEAAE8A0 /* SettingsView.swift */ = {isa = PBXFileReference; lastKnownFileType = sourcecode.swift; path = SettingsView.swift; sourceTree = "<group>"; };
		46E953CA1571C433A5AD9730 /* RecurringBackfillView.swift */ = {isa = PBXFileReference; lastKnownFileType = sourcecode.swift; path = RecurringBackfillView.swift; sourceTree = "<group>"; };
		495651D53C44DD6B14725323 /* PhysicalAsset.swift */ = {isa = PBXFileReference; lastKnownFileType = sourcecode.swift; path = PhysicalAsset.swift; sourceTree = "<group>"; };
		49B6F38607655BC6FD7A32D2 /* DesignSystem.swift */ = {isa = PBXFileReference; lastKnownFileType = sourcecode.swift; path = DesignSystem.swift; sourceTree = "<group>"; };
		4A051412B9C908E512258A73 /* BudgetComponents.swift */ = {isa = PBXFileReference; lastKnownFileType = sourcecode.swift; path = BudgetComponents.swift; sourceTree = "<group>"; };
		4A311A07E87BD6282499BBE4 /* DataHealthServiceTests.swift */ = {isa = PBXFileReference; lastKnownFileType = sourcecode.swift; path = DataHealthServiceTests.swift; sourceTree = "<group>"; };
		4A843AEFBCC16B33EAF56D8C /* BackupExporter.swift */ = {isa = PBXFileReference; lastKnownFileType = sourcecode.swift; path = BackupExporter.swift; sourceTree = "<group>"; };
		4E84B09AC458C202DD5AB64A /* ReportService.swift */ = {isa = PBXFileReference; lastKnownFileType = sourcecode.swift; path = ReportService.swift; sourceTree = "<group>"; };
		4F9F2891D6F47600C3813AD6 /* WeekendBudgetPreferences.swift */ = {isa = PBXFileReference; lastKnownFileType = sourcecode.swift; path = WeekendBudgetPreferences.swift; sourceTree = "<group>"; };
		5135CC79D6F54B517077FC78 /* FlashCountApp.swift */ = {isa = PBXFileReference; lastKnownFileType = sourcecode.swift; path = FlashCountApp.swift; sourceTree = "<group>"; };
		5149DDB0778D319390564E4F /* RecurringOccurrenceService.swift */ = {isa = PBXFileReference; lastKnownFileType = sourcecode.swift; path = RecurringOccurrenceService.swift; sourceTree = "<group>"; };
		52FC2A042FE21B6B6BD477C1 /* DataHealthRepairPlan.swift */ = {isa = PBXFileReference; lastKnownFileType = sourcecode.swift; path = DataHealthRepairPlan.swift; sourceTree = "<group>"; };
		576E3BCB6980873E51D3A0B8 /* ReminderItem.swift */ = {isa = PBXFileReference; lastKnownFileType = sourcecode.swift; path = ReminderItem.swift; sourceTree = "<group>"; };
		5B0FCA58CE4730DEE6AFAB0B /* FlashCount.app */ = {isa = PBXFileReference; includeInIndex = 0; lastKnownFileType = wrapper.application; path = FlashCount.app; sourceTree = BUILT_PRODUCTS_DIR; };
		5B8F866E732FA0C08D5772C1 /* ReportView.swift */ = {isa = PBXFileReference; lastKnownFileType = sourcecode.swift; path = ReportView.swift; sourceTree = "<group>"; };
		5C96AA21D9387521CB6A9D64 /* FlashCountUITests.xctest */ = {isa = PBXFileReference; includeInIndex = 0; lastKnownFileType = wrapper.cfbundle; path = FlashCountUITests.xctest; sourceTree = BUILT_PRODUCTS_DIR; };
		5DDE23A26293092F1392788D /* AppRoutingTests.swift */ = {isa = PBXFileReference; lastKnownFileType = sourcecode.swift; path = AppRoutingTests.swift; sourceTree = "<group>"; };
		60F4EB3B90C22E051B3E0758 /* RecurringSuggestionServiceTests.swift */ = {isa = PBXFileReference; lastKnownFileType = sourcecode.swift; path = RecurringSuggestionServiceTests.swift; sourceTree = "<group>"; };
		61B8D6D49F2BCB24D1BDCED8 /* LedgerQueryServiceTests.swift */ = {isa = PBXFileReference; lastKnownFileType = sourcecode.swift; path = LedgerQueryServiceTests.swift; sourceTree = "<group>"; };
		62F04AD8E1487702754644DD /* InstallmentBillView.swift */ = {isa = PBXFileReference; lastKnownFileType = sourcecode.swift; path = InstallmentBillView.swift; sourceTree = "<group>"; };
		6310F1C512A94ECA5EBBACDF /* LedgerFilterState.swift */ = {isa = PBXFileReference; lastKnownFileType = sourcecode.swift; path = LedgerFilterState.swift; sourceTree = "<group>"; };
		644EEC0E4F8740428A7AA323 /* ActionCenterItemRow.swift */ = {isa = PBXFileReference; lastKnownFileType = sourcecode.swift; path = ActionCenterItemRow.swift; sourceTree = "<group>"; };
		6474E7E78E7F9BC4FFABA606 /* RecurringService.swift */ = {isa = PBXFileReference; lastKnownFileType = sourcecode.swift; path = RecurringService.swift; sourceTree = "<group>"; };
		66911680311D897822DE8A7A /* CashFlowForecastService.swift */ = {isa = PBXFileReference; lastKnownFileType = sourcecode.swift; path = CashFlowForecastService.swift; sourceTree = "<group>"; };
		6958950D41A4E8CD91DCB2E5 /* QuickAddIntent.swift */ = {isa = PBXFileReference; lastKnownFileType = sourcecode.swift; path = QuickAddIntent.swift; sourceTree = "<group>"; };
		6D2927DCAF44C764B12376C6 /* CategoryBudgetsView.swift */ = {isa = PBXFileReference; lastKnownFileType = sourcecode.swift; path = CategoryBudgetsView.swift; sourceTree = "<group>"; };
		6D8CD218FE5B62A309ABCC2C /* StartupFailureView.swift */ = {isa = PBXFileReference; lastKnownFileType = sourcecode.swift; path = StartupFailureView.swift; sourceTree = "<group>"; };
		6E0972865ACDED27B1AAADF3 /* NotificationScheduleCoordinatorTests.swift */ = {isa = PBXFileReference; lastKnownFileType = sourcecode.swift; path = NotificationScheduleCoordinatorTests.swift; sourceTree = "<group>"; };
		6F2DFBA767ED9FC8AFB2BFB3 /* DataHealthService.swift */ = {isa = PBXFileReference; lastKnownFileType = sourcecode.swift; path = DataHealthService.swift; sourceTree = "<group>"; };
		6F8839618ED5DD4131D896BC /* TransactionTemplate.swift */ = {isa = PBXFileReference; lastKnownFileType = sourcecode.swift; path = TransactionTemplate.swift; sourceTree = "<group>"; };
		6FC6A8D084532B8B141489D2 /* LedgerComponents.swift */ = {isa = PBXFileReference; lastKnownFileType = sourcecode.swift; path = LedgerComponents.swift; sourceTree = "<group>"; };
		76B154163C08B8060A9DE277 /* Transaction.swift */ = {isa = PBXFileReference; lastKnownFileType = sourcecode.swift; path = Transaction.swift; sourceTree = "<group>"; };
		7836FC4CCC50F8A05E62E77C /* BudgetView.swift */ = {isa = PBXFileReference; lastKnownFileType = sourcecode.swift; path = BudgetView.swift; sourceTree = "<group>"; };
		786867EA7BF3F04C8601AAA1 /* RecurringRulesView.swift */ = {isa = PBXFileReference; lastKnownFileType = sourcecode.swift; path = RecurringRulesView.swift; sourceTree = "<group>"; };
		8000784A9F364513ECB6E916 /* BudgetReminderService.swift */ = {isa = PBXFileReference; lastKnownFileType = sourcecode.swift; path = BudgetReminderService.swift; sourceTree = "<group>"; };
		81F7DCDADD9D50A3788689B4 /* LocalActionCenterService.swift */ = {isa = PBXFileReference; lastKnownFileType = sourcecode.swift; path = LocalActionCenterService.swift; sourceTree = "<group>"; };
		833EE24295DF6CB4E0ADCD9E /* DataBackupService.swift */ = {isa = PBXFileReference; lastKnownFileType = sourcecode.swift; path = DataBackupService.swift; sourceTree = "<group>"; };
		8E790332CC55AA352958CE31 /* RecurringOccurrence.swift */ = {isa = PBXFileReference; lastKnownFileType = sourcecode.swift; path = RecurringOccurrence.swift; sourceTree = "<group>"; };
		8EEE30A9A79A753F3D97B6A5 /* CategoryManagementServiceTests.swift */ = {isa = PBXFileReference; lastKnownFileType = sourcecode.swift; path = CategoryManagementServiceTests.swift; sourceTree = "<group>"; };
		9135D5FD720592C567187C6E /* LedgerQueryService.swift */ = {isa = PBXFileReference; lastKnownFileType = sourcecode.swift; path = LedgerQueryService.swift; sourceTree = "<group>"; };
		93D00BC2D91830E9EF101E56 /* CashPool.swift */ = {isa = PBXFileReference; lastKnownFileType = sourcecode.swift; path = CashPool.swift; sourceTree = "<group>"; };
		9C362FFD8BCB929EA58D61DD /* AddRecurringRuleView.swift */ = {isa = PBXFileReference; lastKnownFileType = sourcecode.swift; path = AddRecurringRuleView.swift; sourceTree = "<group>"; };
		A09A3E2CB08BE1306C67F21D /* CashFlowForecastTests.swift */ = {isa = PBXFileReference; lastKnownFileType = sourcecode.swift; path = CashFlowForecastTests.swift; sourceTree = "<group>"; };
		A1267CA21CFC02E8A51C6265 /* FlashCountWidget.appex */ = {isa = PBXFileReference; includeInIndex = 0; lastKnownFileType = "wrapper.app-extension"; path = FlashCountWidget.appex; sourceTree = BUILT_PRODUCTS_DIR; };
		A218A299FB92357FF2E66D84 /* AppDeepLink.swift */ = {isa = PBXFileReference; lastKnownFileType = sourcecode.swift; path = AppDeepLink.swift; sourceTree = "<group>"; };
		A27C19DB4A8F453637E7259D /* ReportDomainTests.swift */ = {isa = PBXFileReference; lastKnownFileType = sourcecode.swift; path = ReportDomainTests.swift; sourceTree = "<group>"; };
		A4AA931D05FE98E02F5BC0EB /* CategoryManagementView.swift */ = {isa = PBXFileReference; lastKnownFileType = sourcecode.swift; path = CategoryManagementView.swift; sourceTree = "<group>"; };
		A503499BBB8FAD9C2B718B91 /* LedgerPresentation.swift */ = {isa = PBXFileReference; lastKnownFileType = sourcecode.swift; path = LedgerPresentation.swift; sourceTree = "<group>"; };
		A50EA6A8307B2FDA8033E4DB /* EditTransactionView.swift */ = {isa = PBXFileReference; lastKnownFileType = sourcecode.swift; path = EditTransactionView.swift; sourceTree = "<group>"; };
		A6C0DD52FD2FB7E04CB69EA0 /* ActionCenterSectionView.swift */ = {isa = PBXFileReference; lastKnownFileType = sourcecode.swift; path = ActionCenterSectionView.swift; sourceTree = "<group>"; };
		AC96BAF328BC8C136668E8ED /* BackupValidator.swift */ = {isa = PBXFileReference; lastKnownFileType = sourcecode.swift; path = BackupValidator.swift; sourceTree = "<group>"; };
		AE1C3CA8CF1103A0EB494B7B /* Ledger.swift */ = {isa = PBXFileReference; lastKnownFileType = sourcecode.swift; path = Ledger.swift; sourceTree = "<group>"; };
		AE9F137467C4C9058D41AD0C /* LedgerSections.swift */ = {isa = PBXFileReference; lastKnownFileType = sourcecode.swift; path = LedgerSections.swift; sourceTree = "<group>"; };
		B05285ADD9B6AC2660BBBF3E /* BudgetAnalyzer.swift */ = {isa = PBXFileReference; lastKnownFileType = sourcecode.swift; path = BudgetAnalyzer.swift; sourceTree = "<group>"; };
		B517332913BF860F9A5593AC /* Budget.swift */ = {isa = PBXFileReference; lastKnownFileType = sourcecode.swift; path = Budget.swift; sourceTree = "<group>"; };
		B5FEB9024E51A499AAC08A77 /* LocalActionCenterServiceTests.swift */ = {isa = PBXFileReference; lastKnownFileType = sourcecode.swift; path = LocalActionCenterServiceTests.swift; sourceTree = "<group>"; };
		B66674F214D250C00FDB12AA /* ReportRoute.swift */ = {isa = PBXFileReference; lastKnownFileType = sourcecode.swift; path = ReportRoute.swift; sourceTree = "<group>"; };
		B82942383FFAC85D692A7031 /* MainInterfaceExplorationView.swift */ = {isa = PBXFileReference; lastKnownFileType = sourcecode.swift; path = MainInterfaceExplorationView.swift; sourceTree = "<group>"; };
		B8C3F704C0822AEC0F80907D /* CategoryWheelLayout.swift */ = {isa = PBXFileReference; lastKnownFileType = sourcecode.swift; path = CategoryWheelLayout.swift; sourceTree = "<group>"; };
		B8F2123F4154B8A530ECE311 /* MoneyValidation.swift */ = {isa = PBXFileReference; lastKnownFileType = sourcecode.swift; path = MoneyValidation.swift; sourceTree = "<group>"; };
		BB731302FEBB7ACF712BE21C /* CategoryManagementService.swift */ = {isa = PBXFileReference; lastKnownFileType = sourcecode.swift; path = CategoryManagementService.swift; sourceTree = "<group>"; };
		BE917E63B5B43B926D1745C8 /* PrivacyLockService.swift */ = {isa = PBXFileReference; lastKnownFileType = sourcecode.swift; path = PrivacyLockService.swift; sourceTree = "<group>"; };
		BEE26957D3CB28546317F74A /* DataHealthCenterView.swift */ = {isa = PBXFileReference; lastKnownFileType = sourcecode.swift; path = DataHealthCenterView.swift; sourceTree = "<group>"; };
		C0AFD575D6F4AE32DA7320F0 /* LedgerConsolidationTests.swift */ = {isa = PBXFileReference; lastKnownFileType = sourcecode.swift; path = LedgerConsolidationTests.swift; sourceTree = "<group>"; };
		C1FF48441638307D9EDBA856 /* ReportPresentation.swift */ = {isa = PBXFileReference; lastKnownFileType = sourcecode.swift; path = ReportPresentation.swift; sourceTree = "<group>"; };
		C2079B0C610F7D16FB9237E9 /* FlashCountWidget.swift */ = {isa = PBXFileReference; lastKnownFileType = sourcecode.swift; path = FlashCountWidget.swift; sourceTree = "<group>"; };
		C21D4CF12A83838BD6E0C22C /* FilterSheetView.swift */ = {isa = PBXFileReference; lastKnownFileType = sourcecode.swift; path = FilterSheetView.swift; sourceTree = "<group>"; };
		C5E8F3236E0B0D21EDFE1D2E /* Asset.swift */ = {isa = PBXFileReference; lastKnownFileType = sourcecode.swift; path = Asset.swift; sourceTree = "<group>"; };
		C5ED7B860543EE1DAC1F409D /* RecurringSuggestionService.swift */ = {isa = PBXFileReference; lastKnownFileType = sourcecode.swift; path = RecurringSuggestionService.swift; sourceTree = "<group>"; };
		C8FC52EA4884A4B39278E912 /* PayCycleService.swift */ = {isa = PBXFileReference; lastKnownFileType = sourcecode.swift; path = PayCycleService.swift; sourceTree = "<group>"; };
		CA07EB27C4CAF30E53F187FB /* LedgerView.swift */ = {isa = PBXFileReference; lastKnownFileType = sourcecode.swift; path = LedgerView.swift; sourceTree = "<group>"; };
		CAB7A360D69781ACB0C93555 /* ValidationMessage.swift */ = {isa = PBXFileReference; lastKnownFileType = sourcecode.swift; path = ValidationMessage.swift; sourceTree = "<group>"; };
		D3474D18D3D98F0E29892BC0 /* ReportBudgetSnapshotService.swift */ = {isa = PBXFileReference; lastKnownFileType = sourcecode.swift; path = ReportBudgetSnapshotService.swift; sourceTree = "<group>"; };
		D46587B0FD88BF215D27EEE1 /* DataHealthReport.swift */ = {isa = PBXFileReference; lastKnownFileType = sourcecode.swift; path = DataHealthReport.swift; sourceTree = "<group>"; };
		D4F8BA17A1077C74363D442E /* DefaultDataService.swift */ = {isa = PBXFileReference; lastKnownFileType = sourcecode.swift; path = DefaultDataService.swift; sourceTree = "<group>"; };
		DAD6025983922DA094678787 /* FlashCountTests.xctest */ = {isa = PBXFileReference; includeInIndex = 0; lastKnownFileType = wrapper.cfbundle; path = FlashCountTests.xctest; sourceTree = BUILT_PRODUCTS_DIR; };
		DC3D5D9116336DEFBF736CF6 /* DataHealthFindingRow.swift */ = {isa = PBXFileReference; lastKnownFileType = sourcecode.swift; path = DataHealthFindingRow.swift; sourceTree = "<group>"; };
		DC429AB33ED6D42759B6E578 /* ReminderStore.swift */ = {isa = PBXFileReference; lastKnownFileType = sourcecode.swift; path = ReminderStore.swift; sourceTree = "<group>"; };
		DF30FA16DCE6E0385B858671 /* OnboardingView.swift */ = {isa = PBXFileReference; lastKnownFileType = sourcecode.swift; path = OnboardingView.swift; sourceTree = "<group>"; };
		DF6EA8F2E67C1B676182446B /* TemplateBarView.swift */ = {isa = PBXFileReference; lastKnownFileType = sourcecode.swift; path = TemplateBarView.swift; sourceTree = "<group>"; };
		E2BD91F5AD8968CAB66EA504 /* DataHealthRepairPreviewView.swift */ = {isa = PBXFileReference; lastKnownFileType = sourcecode.swift; path = DataHealthRepairPreviewView.swift; sourceTree = "<group>"; };
		E44850532ED0D315BFCB16D9 /* InstallmentBill.swift */ = {isa = PBXFileReference; lastKnownFileType = sourcecode.swift; path = InstallmentBill.swift; sourceTree = "<group>"; };
		E6C353AB5561EBD96657B182 /* DailyBudgetScopeView.swift */ = {isa = PBXFileReference; lastKnownFileType = sourcecode.swift; path = DailyBudgetScopeView.swift; sourceTree = "<group>"; };
		ED4B2EBB93F770D4860E517A /* ActionCenterSummaryView.swift */ = {isa = PBXFileReference; lastKnownFileType = sourcecode.swift; path = ActionCenterSummaryView.swift; sourceTree = "<group>"; };
		EE30225D24B9028D99C97465 /* ReminderView.swift */ = {isa = PBXFileReference; lastKnownFileType = sourcecode.swift; path = ReminderView.swift; sourceTree = "<group>"; };
		EEBF638849D9D22CD83348A1 /* Assets.xcassets */ = {isa = PBXFileReference; lastKnownFileType = folder.assetcatalog; path = Assets.xcassets; sourceTree = "<group>"; };
		F27BCD9B648D9091737CA888 /* FinanceDomainTests.swift */ = {isa = PBXFileReference; lastKnownFileType = sourcecode.swift; path = FinanceDomainTests.swift; sourceTree = "<group>"; };
		F5A4F1F7A955939CC5EFE7D7 /* TransactionMutationService.swift */ = {isa = PBXFileReference; lastKnownFileType = sourcecode.swift; path = TransactionMutationService.swift; sourceTree = "<group>"; };
		F6EC02DA026860FD1B5DE60C /* CSVTransactionService.swift */ = {isa = PBXFileReference; lastKnownFileType = sourcecode.swift; path = CSVTransactionService.swift; sourceTree = "<group>"; };
		F6F1A9BBC47DE836248A9BE8 /* LiquidGlassContainer.swift */ = {isa = PBXFileReference; lastKnownFileType = sourcecode.swift; path = LiquidGlassContainer.swift; sourceTree = "<group>"; };
		F8466A7DFE220F43816D4D85 /* Reminder.swift */ = {isa = PBXFileReference; lastKnownFileType = sourcecode.swift; path = Reminder.swift; sourceTree = "<group>"; };
		FAA5288E4B0ADB2DA4F1023A /* DataHealthIssueKind.swift */ = {isa = PBXFileReference; lastKnownFileType = sourcecode.swift; path = DataHealthIssueKind.swift; sourceTree = "<group>"; };
		FB3F38C38BEDF6396D15AE5E /* RecurringRule.swift */ = {isa = PBXFileReference; lastKnownFileType = sourcecode.swift; path = RecurringRule.swift; sourceTree = "<group>"; };
		FBFD2135FE36029863FB0A1A /* ErrorHandling.swift */ = {isa = PBXFileReference; lastKnownFileType = sourcecode.swift; path = ErrorHandling.swift; sourceTree = "<group>"; };
/* End PBXFileReference section */

/* Begin PBXGroup section */
		00F686A4D12029D240B4088F /* Settings */ = {
			isa = PBXGroup;
			children = (
				028A18C5446374159C5C739F /* BackTapSetupView.swift */,
				A4AA931D05FE98E02F5BC0EB /* CategoryManagementView.swift */,
				BEE26957D3CB28546317F74A /* DataHealthCenterView.swift */,
				DC3D5D9116336DEFBF736CF6 /* DataHealthFindingRow.swift */,
				E2BD91F5AD8968CAB66EA504 /* DataHealthRepairPreviewView.swift */,
				462A15F41FD0AD3DFEAAE8A0 /* SettingsView.swift */,
			);
			path = Settings;
			sourceTree = "<group>";
		};
		08DA96DC7885DF6CB71E011D /* FlashCountUITests */ = {
			isa = PBXGroup;
			children = (
				010DCAEA1FA46115992DA27F /* FlashCountSmokeTests.swift */,
			);
			path = FlashCountUITests;
			sourceTree = "<group>";
		};
		0CA7977BB8907D50AD80F56F /* Models */ = {
			isa = PBXGroup;
			children = (
				B517332913BF860F9A5593AC /* Budget.swift */,
				437BC90EE7A47F7AA13A5C1F /* Category.swift */,
				AE1C3CA8CF1103A0EB494B7B /* Ledger.swift */,
				8E790332CC55AA352958CE31 /* RecurringOccurrence.swift */,
				FB3F38C38BEDF6396D15AE5E /* RecurringRule.swift */,
				F8466A7DFE220F43816D4D85 /* Reminder.swift */,
				576E3BCB6980873E51D3A0B8 /* ReminderItem.swift */,
				76B154163C08B8060A9DE277 /* Transaction.swift */,
				6F8839618ED5DD4131D896BC /* TransactionTemplate.swift */,
				9B26B94CC2B56BCBFCD4FD5F /* AssetModels */,
			);
			path = Models;
			sourceTree = "<group>";
		};
		18C415E3AE708EE698FBE5FC /* FlashCount */ = {
			isa = PBXGroup;
			children = (
				2A6F0FE7E7532EF570AC9E66 /* FlashCount.entitlements */,
				5135CC79D6F54B517077FC78 /* FlashCountApp.swift */,
				0197D9BCB20EB9FAF4DCA417 /* Info.plist */,
				1ADA7956C6C99C09B67BA62C /* PrivacyInfo.xcprivacy */,
				B8C4D369A8D12583B9C6483B /* Core */,
				0CA7977BB8907D50AD80F56F /* Models */,
				2AA5A582129CCAF2C05184C9 /* Resources */,
				7C136BC3C4918F679ED26186 /* Services */,
				E0027E670A15A02D29041114 /* Views */,
			);
			path = FlashCount;
			sourceTree = "<group>";
		};
		1A35A800111501BFB954938B /* Products */ = {
			isa = PBXGroup;
			children = (
				5B0FCA58CE4730DEE6AFAB0B /* FlashCount.app */,
				DAD6025983922DA094678787 /* FlashCountTests.xctest */,
				5C96AA21D9387521CB6A9D64 /* FlashCountUITests.xctest */,
				A1267CA21CFC02E8A51C6265 /* FlashCountWidget.appex */,
			);
			name = Products;
			sourceTree = "<group>";
		};
		243375D141001E19928FDC81 /* Budget */ = {
			isa = PBXGroup;
			children = (
				4A051412B9C908E512258A73 /* BudgetComponents.swift */,
				7836FC4CCC50F8A05E62E77C /* BudgetView.swift */,
				6D2927DCAF44C764B12376C6 /* CategoryBudgetsView.swift */,
				E6C353AB5561EBD96657B182 /* DailyBudgetScopeView.swift */,
			);
			path = Budget;
			sourceTree = "<group>";
		};
		24A4F862F259E8E002ED6E13 /* DataServices */ = {
			isa = PBXGroup;
			children = (
				3E4D4723234C67B3806CD0DE /* BackupDTOs.swift */,
				4A843AEFBCC16B33EAF56D8C /* BackupExporter.swift */,
				17FA43688643A3C342CFFFB0 /* BackupImporter.swift */,
				AC96BAF328BC8C136668E8ED /* BackupValidator.swift */,
				BB731302FEBB7ACF712BE21C /* CategoryManagementService.swift */,
				F6EC02DA026860FD1B5DE60C /* CSVTransactionService.swift */,
				833EE24295DF6CB4E0ADCD9E /* DataBackupService.swift */,
				1A9EBEA175489728B6345C61 /* DataHealthFinding.swift */,
				FAA5288E4B0ADB2DA4F1023A /* DataHealthIssueKind.swift */,
				52FC2A042FE21B6B6BD477C1 /* DataHealthRepairPlan.swift */,
				D46587B0FD88BF215D27EEE1 /* DataHealthReport.swift */,
				6F2DFBA767ED9FC8AFB2BFB3 /* DataHealthService.swift */,
				D4F8BA17A1077C74363D442E /* DefaultDataService.swift */,
				DC429AB33ED6D42759B6E578 /* ReminderStore.swift */,
				44ED3657E41E040314D63848 /* ReportReminderPreferencesStore.swift */,
			);
			path = DataServices;
			sourceTree = "<group>";
		};
		29D5151D479084C7DD90D3EC /* Ledger */ = {
			isa = PBXGroup;
			children = (
				07DB9D3D6E1549D61AC58249 /* CalendarView.swift */,
				A50EA6A8307B2FDA8033E4DB /* EditTransactionView.swift */,
				C21D4CF12A83838BD6E0C22C /* FilterSheetView.swift */,
				338B2E3E70FD9CBF647930A3 /* LedgerActions.swift */,
				6FC6A8D084532B8B141489D2 /* LedgerComponents.swift */,
				6310F1C512A94ECA5EBBACDF /* LedgerFilterState.swift */,
				A503499BBB8FAD9C2B718B91 /* LedgerPresentation.swift */,
				AE9F137467C4C9058D41AD0C /* LedgerSections.swift */,
				CA07EB27C4CAF30E53F187FB /* LedgerView.swift */,
			);
			path = Ledger;
			sourceTree = "<group>";
		};
		2AA5A582129CCAF2C05184C9 /* Resources */ = {
			isa = PBXGroup;
			children = (
				EEBF638849D9D22CD83348A1 /* Assets.xcassets */,
			);
			path = Resources;
			sourceTree = "<group>";
		};
		369B518C3F71589B04FE2810 /* Components */ = {
			isa = PBXGroup;
			children = (
				1E27D09CD08C8BE96114E84E /* CategoryPickerComponents.swift */,
				B8C3F704C0822AEC0F80907D /* CategoryWheelLayout.swift */,
				F6F1A9BBC47DE836248A9BE8 /* LiquidGlassContainer.swift */,
				DF6EA8F2E67C1B676182446B /* TemplateBarView.swift */,
				3C4577B9A4B3DCE41C5A23B6 /* TemplateManagementView.swift */,
				CAB7A360D69781ACB0C93555 /* ValidationMessage.swift */,
			);
			path = Components;
			sourceTree = "<group>";
		};
		3B31798344ABC690FC721EAD /* FlashCountTests */ = {
			isa = PBXGroup;
			children = (
				5DDE23A26293092F1392788D /* AppRoutingTests.swift */,
				A09A3E2CB08BE1306C67F21D /* CashFlowForecastTests.swift */,
				8EEE30A9A79A753F3D97B6A5 /* CategoryManagementServiceTests.swift */,
				43E5ECC46BF137742CF4ACC0 /* CategoryWheelLayoutTests.swift */,
				4A311A07E87BD6282499BBE4 /* DataHealthServiceTests.swift */,
				F27BCD9B648D9091737CA888 /* FinanceDomainTests.swift */,
				C0AFD575D6F4AE32DA7320F0 /* LedgerConsolidationTests.swift */,
				61B8D6D49F2BCB24D1BDCED8 /* LedgerQueryServiceTests.swift */,
				B5FEB9024E51A499AAC08A77 /* LocalActionCenterServiceTests.swift */,
				2CDD11E538004796EB92A4F0 /* MoneyValidationTests.swift */,
				6E0972865ACDED27B1AAADF3 /* NotificationScheduleCoordinatorTests.swift */,
				60F4EB3B90C22E051B3E0758 /* RecurringSuggestionServiceTests.swift */,
				A27C19DB4A8F453637E7259D /* ReportDomainTests.swift */,
				09BB1327CFF99993D1AA8FE5 /* TransactionMutationServiceTests.swift */,
			);
			path = FlashCountTests;
			sourceTree = "<group>";
		};
		47673916186769F67FFA8A09 /* SystemServices */ = {
			isa = PBXGroup;
			children = (
				36EFD1230AE17F67A1659B34 /* NotificationScheduleCoordinator.swift */,
				BE917E63B5B43B926D1745C8 /* PrivacyLockService.swift */,
				01515A08E90F3CA3A92FB9E9 /* ReminderNotificationService.swift */,
				25E3F6BCDD308CC403615B0C /* ReportReminderNotificationService.swift */,
			);
			path = SystemServices;
			sourceTree = "<group>";
		};
		52BB412B1CDBFB55CB709B2C /* QuickEntry */ = {
			isa = PBXGroup;
			children = (
				12725CFF78C8F60C33B60C1D /* QuickEntryControls.swift */,
				30F36E7D8B4A5B1B308F1B43 /* QuickEntryView.swift */,
			);
			path = QuickEntry;
			sourceTree = "<group>";
		};
		5BE9222517922C0F733929D0 = {
			isa = PBXGroup;
			children = (
				18C415E3AE708EE698FBE5FC /* FlashCount */,
				3B31798344ABC690FC721EAD /* FlashCountTests */,
				08DA96DC7885DF6CB71E011D /* FlashCountUITests */,
				DAB405BBDE9089B6D865B6AC /* FlashCountWidget */,
				1A35A800111501BFB954938B /* Products */,
			);
			sourceTree = "<group>";
		};
		5C719AC905BDDCE8051293B0 /* ActionCenter */ = {
			isa = PBXGroup;
			children = (
				644EEC0E4F8740428A7AA323 /* ActionCenterItemRow.swift */,
				A6C0DD52FD2FB7E04CB69EA0 /* ActionCenterSectionView.swift */,
				ED4B2EBB93F770D4860E517A /* ActionCenterSummaryView.swift */,
				21F4FF17AAAB8B289855E97A /* ActionCenterView.swift */,
			);
			path = ActionCenter;
			sourceTree = "<group>";
		};
		72F17CD168D8A096E055CA52 /* Reminder */ = {
			isa = PBXGroup;
			children = (
				1A25736CBBC2CCA2F7E6527E /* AddReminderView.swift */,
				EE30225D24B9028D99C97465 /* ReminderView.swift */,
			);
			path = Reminder;
			sourceTree = "<group>";
		};
		7C136BC3C4918F679ED26186 /* Services */ = {
			isa = PBXGroup;
			children = (
				9C2D943E648273BAFE99D7FE /* BudgetServices */,
				24A4F862F259E8E002ED6E13 /* DataServices */,
				878AF27B760F7836F390112D /* FinanceServices */,
				47673916186769F67FFA8A09 /* SystemServices */,
			);
			path = Services;
			sourceTree = "<group>";
		};
		7D2B610938B3651557485CE3 /* Onboarding */ = {
			isa = PBXGroup;
			children = (
				DF30FA16DCE6E0385B858671 /* OnboardingView.swift */,
			);
			path = Onboarding;
			sourceTree = "<group>";
		};
		878AF27B760F7836F390112D /* FinanceServices */ = {
			isa = PBXGroup;
			children = (
				66911680311D897822DE8A7A /* CashFlowForecastService.swift */,
				030061CEC562B81C1B7B0C3D /* CashPoolService.swift */,
				9135D5FD720592C567187C6E /* LedgerQueryService.swift */,
				14684BA5884DAC7DC46D25FC /* LedgerSearchDebounce.swift */,
				81F7DCDADD9D50A3788689B4 /* LocalActionCenterService.swift */,
				C8FC52EA4884A4B39278E912 /* PayCycleService.swift */,
				30159AD8FBCFF39D60087239 /* RecurringCatchUpPreferences.swift */,
				5149DDB0778D319390564E4F /* RecurringOccurrenceService.swift */,
				6474E7E78E7F9BC4FFABA606 /* RecurringService.swift */,
				C5ED7B860543EE1DAC1F409D /* RecurringSuggestionService.swift */,
				3CC9CB89C291CEFB4E009431 /* ReportAnalytics.swift */,
				46165C4E87806B426267358D /* ReportPeriodCalculator.swift */,
				4E84B09AC458C202DD5AB64A /* ReportService.swift */,
				F5A4F1F7A955939CC5EFE7D7 /* TransactionMutationService.swift */,
			);
			path = FinanceServices;
			sourceTree = "<group>";
		};
		932CC789060B5F284E089E80 /* Recurring */ = {
			isa = PBXGroup;
			children = (
				9C362FFD8BCB929EA58D61DD /* AddRecurringRuleView.swift */,
				46E953CA1571C433A5AD9730 /* RecurringBackfillView.swift */,
				786867EA7BF3F04C8601AAA1 /* RecurringRulesView.swift */,
			);
			path = Recurring;
			sourceTree = "<group>";
		};
		9B1ED934C626D22DDBB2365C /* VisualExploration */ = {
			isa = PBXGroup;
			children = (
				B82942383FFAC85D692A7031 /* MainInterfaceExplorationView.swift */,
				1DC60DF27B6C57F670C432D9 /* VisualDirectionExplorationView.swift */,
			);
			path = VisualExploration;
			sourceTree = "<group>";
		};
		9B26B94CC2B56BCBFCD4FD5F /* AssetModels */ = {
			isa = PBXGroup;
			children = (
				C5E8F3236E0B0D21EDFE1D2E /* Asset.swift */,
				93D00BC2D91830E9EF101E56 /* CashPool.swift */,
				E44850532ED0D315BFCB16D9 /* InstallmentBill.swift */,
				495651D53C44DD6B14725323 /* PhysicalAsset.swift */,
				26A56643F838FD8572D2C332 /* SavingsGoal.swift */,
			);
			path = AssetModels;
			sourceTree = "<group>";
		};
		9C2D943E648273BAFE99D7FE /* BudgetServices */ = {
			isa = PBXGroup;
			children = (
				B05285ADD9B6AC2660BBBF3E /* BudgetAnalyzer.swift */,
				8000784A9F364513ECB6E916 /* BudgetReminderService.swift */,
				45CCF20C66441FB06536D937 /* CategoryBudgetService.swift */,
				D3474D18D3D98F0E29892BC0 /* ReportBudgetSnapshotService.swift */,
				4F9F2891D6F47600C3813AD6 /* WeekendBudgetPreferences.swift */,
			);
			path = BudgetServices;
			sourceTree = "<group>";
		};
		A63D79DB3ED665B56E73A881 /* Asset */ = {
			isa = PBXGroup;
			children = (
				232747DAEE35358568E032BA /* AddAssetView.swift */,
				419CC96D1F0DAFBC7CEF02E1 /* AssetDashboardView.swift */,
				3D151BB6EE2B34C65A55127D /* CashFlowForecastView.swift */,
				28E6DA89B6319DACF056D151 /* CashPoolView.swift */,
				62F04AD8E1487702754644DD /* InstallmentBillView.swift */,
				45E85D7B32A0C90810D5065E /* PhysicalAssetCard.swift */,
				150F70C88D7A26066D37B0AF /* PhysicalAssetView.swift */,
				2C6FDA81436A9B8623D1B0EA /* SavingsGoalView.swift */,
			);
			path = Asset;
			sourceTree = "<group>";
		};
		B8C4D369A8D12583B9C6483B /* Core */ = {
			isa = PBXGroup;
			children = (
				A218A299FB92357FF2E66D84 /* AppDeepLink.swift */,
				49B6F38607655BC6FD7A32D2 /* DesignSystem.swift */,
				FBFD2135FE36029863FB0A1A /* ErrorHandling.swift */,
				03D1DAE410336C0B0B1944E7 /* Extensions.swift */,
				214FECFB8A46540B23411B24 /* FlashCountSchema.swift */,
				B8F2123F4154B8A530ECE311 /* MoneyValidation.swift */,
				6958950D41A4E8CD91DCB2E5 /* QuickAddIntent.swift */,
				B66674F214D250C00FDB12AA /* ReportRoute.swift */,
			);
			path = Core;
			sourceTree = "<group>";
		};
		DAB405BBDE9089B6D865B6AC /* FlashCountWidget */ = {
			isa = PBXGroup;
			children = (
				C2079B0C610F7D16FB9237E9 /* FlashCountWidget.swift */,
				40E1000D12E1271BE99571BE /* Info.plist */,
			);
			path = FlashCountWidget;
			sourceTree = "<group>";
		};
		E0027E670A15A02D29041114 /* Views */ = {
			isa = PBXGroup;
			children = (
				454084E97E2460EC422CA4D1 /* MainTabView.swift */,
				6D8CD218FE5B62A309ABCC2C /* StartupFailureView.swift */,
				5C719AC905BDDCE8051293B0 /* ActionCenter */,
				A63D79DB3ED665B56E73A881 /* Asset */,
				243375D141001E19928FDC81 /* Budget */,
				369B518C3F71589B04FE2810 /* Components */,
				29D5151D479084C7DD90D3EC /* Ledger */,
				7D2B610938B3651557485CE3 /* Onboarding */,
				52BB412B1CDBFB55CB709B2C /* QuickEntry */,
				932CC789060B5F284E089E80 /* Recurring */,
				72F17CD168D8A096E055CA52 /* Reminder */,
				F74E75DE5F12B4EC77AE8246 /* Report */,
				00F686A4D12029D240B4088F /* Settings */,
				9B1ED934C626D22DDBB2365C /* VisualExploration */,
			);
			path = Views;
			sourceTree = "<group>";
		};
		F74E75DE5F12B4EC77AE8246 /* Report */ = {
			isa = PBXGroup;
			children = (
				C1FF48441638307D9EDBA856 /* ReportPresentation.swift */,
				0D92C1E2A72C7A3009D2099B /* ReportReminderSettingsView.swift */,
				5B8F866E732FA0C08D5772C1 /* ReportView.swift */,
			);
			path = Report;
			sourceTree = "<group>";
		};
/* End PBXGroup section */

/* Begin PBXNativeTarget section */
		451BED9B057F84F883B0413C /* FlashCountWidget */ = {
			isa = PBXNativeTarget;
			buildConfigurationList = 8017EBF354FD580CCF75AF49 /* Build configuration list for PBXNativeTarget "FlashCountWidget" */;
			buildPhases = (
				651E5177FC7954F3220F50A2 /* Sources */,
			);
			buildRules = (
			);
			dependencies = (
			);
			name = FlashCountWidget;
			packageProductDependencies = (
			);
			productName = FlashCountWidget;
			productReference = A1267CA21CFC02E8A51C6265 /* FlashCountWidget.appex */;
			productType = "com.apple.product-type.app-extension";
		};
		CEA7B1E343522F154C31F430 /* FlashCount */ = {
			isa = PBXNativeTarget;
			buildConfigurationList = B477BC4F0AE3344E77BB30CB /* Build configuration list for PBXNativeTarget "FlashCount" */;
			buildPhases = (
				BCDAF86C124A45FAD721FC35 /* Sources */,
				F5F4B968E87C3FEE6BC9A5AF /* Resources */,
				D28963889E23DE94710933B1 /* Embed Foundation Extensions */,
			);
			buildRules = (
			);
			dependencies = (
				84454224BDE5DD0CB466A102 /* PBXTargetDependency */,
			);
			name = FlashCount;
			packageProductDependencies = (
			);
			productName = FlashCount;
			productReference = 5B0FCA58CE4730DEE6AFAB0B /* FlashCount.app */;
			productType = "com.apple.product-type.application";
		};
		D0D4972F4297C30344E28A06 /* FlashCountUITests */ = {
			isa = PBXNativeTarget;
			buildConfigurationList = 379CC0E6BD0FCB2629D0CF4D /* Build configuration list for PBXNativeTarget "FlashCountUITests" */;
			buildPhases = (
				C59FA891D95C1429109D1B6A /* Sources */,
			);
			buildRules = (
			);
			dependencies = (
				218CF6B335BDE4695AC635D8 /* PBXTargetDependency */,
			);
			name = FlashCountUITests;
			packageProductDependencies = (
			);
			productName = FlashCountUITests;
			productReference = 5C96AA21D9387521CB6A9D64 /* FlashCountUITests.xctest */;
			productType = "com.apple.product-type.bundle.ui-testing";
		};
		ED8C58C12CCC585C389EF23F /* FlashCountTests */ = {
			isa = PBXNativeTarget;
			buildConfigurationList = 4F21CD3E9BCB24298660F23D /* Build configuration list for PBXNativeTarget "FlashCountTests" */;
			buildPhases = (
				0692B864A377C1B75BE228D4 /* Sources */,
			);
			buildRules = (
			);
			dependencies = (
				572C6DF40D83E3A5FEDF990A /* PBXTargetDependency */,
			);
			name = FlashCountTests;
			packageProductDependencies = (
			);
			productName = FlashCountTests;
			productReference = DAD6025983922DA094678787 /* FlashCountTests.xctest */;
			productType = "com.apple.product-type.bundle.unit-test";
		};
/* End PBXNativeTarget section */

/* Begin PBXProject section */
		2A0D6562311AC34A1F3D04EB /* Project object */ = {
			isa = PBXProject;
			attributes = {
				BuildIndependentTargetsInParallel = YES;
				LastUpgradeCheck = 1500;
				TargetAttributes = {
					D0D4972F4297C30344E28A06 = {
						TestTargetID = CEA7B1E343522F154C31F430;
					};
				};
			};
			buildConfigurationList = E9E7EF00E3D94ABF3F0D6A6A /* Build configuration list for PBXProject "FlashCount" */;
			compatibilityVersion = "Xcode 14.0";
			developmentRegion = en;
			hasScannedForEncodings = 0;
			knownRegions = (
				Base,
				en,
			);
			mainGroup = 5BE9222517922C0F733929D0;
			minimizedProjectReferenceProxies = 1;
			preferredProjectObjectVersion = 77;
			projectDirPath = "";
			projectRoot = "";
			targets = (
				CEA7B1E343522F154C31F430 /* FlashCount */,
				ED8C58C12CCC585C389EF23F /* FlashCountTests */,
				D0D4972F4297C30344E28A06 /* FlashCountUITests */,
				451BED9B057F84F883B0413C /* FlashCountWidget */,
			);
		};
/* End PBXProject section */

/* Begin PBXResourcesBuildPhase section */
		F5F4B968E87C3FEE6BC9A5AF /* Resources */ = {
			isa = PBXResourcesBuildPhase;
			buildActionMask = 2147483647;
			files = (
				E371EC1E626E145C33A1646D /* Assets.xcassets in Resources */,
				4AD3D846FD1695BA9132B7FC /* PrivacyInfo.xcprivacy in Resources */,
			);
			runOnlyForDeploymentPostprocessing = 0;
		};
/* End PBXResourcesBuildPhase section */

/* Begin PBXSourcesBuildPhase section */
		0692B864A377C1B75BE228D4 /* Sources */ = {
			isa = PBXSourcesBuildPhase;
			buildActionMask = 2147483647;
			files = (
				08D59C3839B22FBDD92D6EFC /* AppRoutingTests.swift in Sources */,
				EAE5F1B90485C2B9D216D921 /* CashFlowForecastTests.swift in Sources */,
				79C405E10782A42CD9094135 /* CategoryManagementServiceTests.swift in Sources */,
				766F95A7EBCE7F17716BD6F8 /* CategoryWheelLayoutTests.swift in Sources */,
				566909CCF24EE8E82A4466DD /* DataHealthServiceTests.swift in Sources */,
				32FD6E021D51ECE4823F7742 /* FinanceDomainTests.swift in Sources */,
				AE768A256295BDEF75B75208 /* LedgerConsolidationTests.swift in Sources */,
				1C18A58AF97AAA6C81DE7EFF /* LedgerQueryServiceTests.swift in Sources */,
				E7DF1CD725953C8F75956F96 /* LocalActionCenterServiceTests.swift in Sources */,
				EDBDC59FE0C41CD7C6ACD8EF /* MoneyValidationTests.swift in Sources */,
				0D6D087A308EBA9B366E15B7 /* NotificationScheduleCoordinatorTests.swift in Sources */,
				AD7031C194788D8B54FE7CD4 /* RecurringSuggestionServiceTests.swift in Sources */,
				CCF82D22CC92B875526692A2 /* ReportDomainTests.swift in Sources */,
				C848E682CA61B43B128D3D14 /* TransactionMutationServiceTests.swift in Sources */,
			);
			runOnlyForDeploymentPostprocessing = 0;
		};
		651E5177FC7954F3220F50A2 /* Sources */ = {
			isa = PBXSourcesBuildPhase;
			buildActionMask = 2147483647;
			files = (
				003F52A76659EFB0D2FA8666 /* FlashCountWidget.swift in Sources */,
			);
			runOnlyForDeploymentPostprocessing = 0;
		};
		BCDAF86C124A45FAD721FC35 /* Sources */ = {
			isa = PBXSourcesBuildPhase;
			buildActionMask = 2147483647;
			files = (
				B81D4AC7DDCC78C1344B85F4 /* ActionCenterItemRow.swift in Sources */,
				477FE6D911C1CB5CF2BD14AE /* ActionCenterSectionView.swift in Sources */,
				CA590ACC5FD95332D299F726 /* ActionCenterSummaryView.swift in Sources */,
				47F7CAA99413B5D4CAF92EA7 /* ActionCenterView.swift in Sources */,
				24353780EBC756092F19094F /* AddAssetView.swift in Sources */,
				7B2E32BCD75D603E808F3DF5 /* AddRecurringRuleView.swift in Sources */,
				0D6CC3568E879C501B77EE1C /* AddReminderView.swift in Sources */,
				9A1B7990A72D765C519C66E1 /* AppDeepLink.swift in Sources */,
				77D08BC677CCD4BBAF5D1EFD /* Asset.swift in Sources */,
				4B20EAB7205F2BF68B6F4117 /* AssetDashboardView.swift in Sources */,
				910B7574E688BB5DE807C3C7 /* BackTapSetupView.swift in Sources */,
				E1F6596C2F2E72BC3D9F0382 /* BackupDTOs.swift in Sources */,
				EFA3FA702D94A14C5FA060D2 /* BackupExporter.swift in Sources */,
				CE7B1D6D32B88BC5FA52091D /* BackupImporter.swift in Sources */,
				E2A388E38382798E2CA5EE42 /* BackupValidator.swift in Sources */,
				009547089DC9F725E34E80F1 /* Budget.swift in Sources */,
				38196E36BC568F0A62B77EA5 /* BudgetAnalyzer.swift in Sources */,
				DF3833A27A9AC1A6E0042549 /* BudgetComponents.swift in Sources */,
				37313D9C291DC910A0373683 /* BudgetReminderService.swift in Sources */,
				E5F01D6D9E75A893B253FD5F /* BudgetView.swift in Sources */,
				034521543E79940405F4C51F /* CSVTransactionService.swift in Sources */,
				A13EA735400140C43507A11A /* CalendarView.swift in Sources */,
				C64617B89C3C7D615AFF4E54 /* CashFlowForecastService.swift in Sources */,
				6FF2E927C28F2BC8CF8D8AD9 /* CashFlowForecastView.swift in Sources */,
				FE3F5BF744046B84CA2050D6 /* CashPool.swift in Sources */,
				13AC61775C4DCB3F2B84C126 /* CashPoolService.swift in Sources */,
				9542F7F221B42C848E869513 /* CashPoolView.swift in Sources */,
				DE83E5479BD532D70F116869 /* Category.swift in Sources */,
				499C894AE855060406B52B76 /* CategoryBudgetService.swift in Sources */,
				50DA9190E88420449175A95D /* CategoryBudgetsView.swift in Sources */,
				EBBF916F14AF425E80258E06 /* CategoryManagementService.swift in Sources */,
				DB2D5B73969518D0F9E6832B /* CategoryManagementView.swift in Sources */,
				A437C73FD9A2A6A8BA0B9816 /* CategoryPickerComponents.swift in Sources */,
				79A65B77FFA075B97C9832BC /* CategoryWheelLayout.swift in Sources */,
				4937879A4084BE8B7C3FB72A /* DailyBudgetScopeView.swift in Sources */,
				DFAA93C9FF21FE7B00ADBB2B /* DataBackupService.swift in Sources */,
				446188EEBD1730677AB7E8EA /* DataHealthCenterView.swift in Sources */,
				C330EC5AF4CAAD47D8700F72 /* DataHealthFinding.swift in Sources */,
				1CA242D14AFB3671390BBF05 /* DataHealthFindingRow.swift in Sources */,
				72F946F6C71EA33E9C6291F3 /* DataHealthIssueKind.swift in Sources */,
				4B6BDBD4D494CD302A0B6216 /* DataHealthRepairPlan.swift in Sources */,
				05DEE01CF34746DA082E76F3 /* DataHealthRepairPreviewView.swift in Sources */,
				A83F1C6562794AB34A06D77D /* DataHealthReport.swift in Sources */,
				286BB7B72143C23C8F2195E2 /* DataHealthService.swift in Sources */,
				1A452CBB6A09B051CE15209A /* DefaultDataService.swift in Sources */,
				C6C6BAC0237D90145BE5A35E /* DesignSystem.swift in Sources */,
				E593E42B4BA66B8FD5435AE1 /* EditTransactionView.swift in Sources */,
				9E273460795C36FE8FF71EC0 /* ErrorHandling.swift in Sources */,
				A251807FC75C217BFDE54A52 /* Extensions.swift in Sources */,
				767FEA5F7D91266230ECD27A /* FilterSheetView.swift in Sources */,
				2B5D41A4F0E108AF9B69568C /* FlashCountApp.swift in Sources */,
				1E594E500C23CE7A65B8CF23 /* FlashCountSchema.swift in Sources */,
				33AC277FE5E36B92BDAEDFF2 /* InstallmentBill.swift in Sources */,
				29A922DE0C8EC201C201181D /* InstallmentBillView.swift in Sources */,
				25508CD080DACE14CE31BF56 /* Ledger.swift in Sources */,
				636984214ED3D236A36BE33C /* LedgerActions.swift in Sources */,
				96B3F99FAFDD16B3CE9293DC /* LedgerComponents.swift in Sources */,
				E87C26B205A6BD9DF5899D6A /* LedgerFilterState.swift in Sources */,
				521BAA56D0D45CDDEC999D79 /* LedgerPresentation.swift in Sources */,
				57E48658B4E0DE4D34531491 /* LedgerQueryService.swift in Sources */,
				761B5FD76B5F4ED70574FDA4 /* LedgerSearchDebounce.swift in Sources */,
				06DCA2FDCE0C7A2A3D63332E /* LedgerSections.swift in Sources */,
				06A524FFEF1E3C0166204953 /* LedgerView.swift in Sources */,
				084E5C7F72EFC8C515770079 /* LiquidGlassContainer.swift in Sources */,
				46CCFBBCF0ED67C7AD57A01E /* LocalActionCenterService.swift in Sources */,
				1EDD37DA094667B6285517AC /* MainInterfaceExplorationView.swift in Sources */,
				EDE549C053A24074D2EE4D6E /* MainTabView.swift in Sources */,
				7267A374058B259F89E85E4D /* MoneyValidation.swift in Sources */,
				A8463ADEDD3C2C41BF65699E /* NotificationScheduleCoordinator.swift in Sources */,
				053C79ED47833B74864A2F20 /* OnboardingView.swift in Sources */,
				3598F1C79B571778BC11A2E3 /* PayCycleService.swift in Sources */,
				ABFFFD627940DC5832F15319 /* PhysicalAsset.swift in Sources */,
				36D8A0E12D8A879A682B28BE /* PhysicalAssetCard.swift in Sources */,
				0D20E9F543162AAB04EB83A4 /* PhysicalAssetView.swift in Sources */,
				974A04365C4FFFFB6E96DA01 /* PrivacyLockService.swift in Sources */,
				E0EDF6CED6EA923227750436 /* QuickAddIntent.swift in Sources */,
				408D4A9C5FE25933D921CC65 /* QuickEntryControls.swift in Sources */,
				8B14B7CCE526CEA574D835BD /* QuickEntryView.swift in Sources */,
				A18379BF155BB463147BDC67 /* RecurringBackfillView.swift in Sources */,
				1107FB196BC96BF4C83CFB2C /* RecurringCatchUpPreferences.swift in Sources */,
				7169A901830F89B7903D8E89 /* RecurringOccurrence.swift in Sources */,
				E2D3A01933DF811F95FFC072 /* RecurringOccurrenceService.swift in Sources */,
				6D33173402F409712ABD8C4B /* RecurringRule.swift in Sources */,
				E7453E3C78C7446597DB37F8 /* RecurringRulesView.swift in Sources */,
				14A503E907A93958C352D9F4 /* RecurringService.swift in Sources */,
				D6D8F110738749552014E054 /* RecurringSuggestionService.swift in Sources */,
				AB314B983A9FA9676E868A9F /* Reminder.swift in Sources */,
				103A01669289A20425DBF5D4 /* ReminderItem.swift in Sources */,
				956A8946BB1BABCBF2A2944A /* ReminderNotificationService.swift in Sources */,
				8ABD1900D21A8334186174CB /* ReminderStore.swift in Sources */,
				79A09BC752DDE1EB972911EB /* ReminderView.swift in Sources */,
				43FA19D47F572B37BAF472C9 /* ReportAnalytics.swift in Sources */,
				8E2B8F3AA30DF91D2F8E4A81 /* ReportBudgetSnapshotService.swift in Sources */,
				A0AC83B2A0FF088F7C84F224 /* ReportPeriodCalculator.swift in Sources */,
				D284938ECE4AE2580EF1C53F /* ReportPresentation.swift in Sources */,
				76C7819968ECFCD63E637773 /* ReportReminderNotificationService.swift in Sources */,
				48ABF62D1E1FB42B901F8235 /* ReportReminderPreferencesStore.swift in Sources */,
				A16A0F66608A906CB25BB8D6 /* ReportReminderSettingsView.swift in Sources */,
				2D6A2C81E34D8CE4F16B8474 /* ReportRoute.swift in Sources */,
				FD22C948714225832CA36F1E /* ReportService.swift in Sources */,
				987E0D8310DFAAF54DD28DE5 /* ReportView.swift in Sources */,
				C3C6B2BC947F3488E07D1D30 /* SavingsGoal.swift in Sources */,
				CD161CD39C37F8747F8F19D5 /* SavingsGoalView.swift in Sources */,
				7A83F34058A971E78961B56A /* SettingsView.swift in Sources */,
				7F21B166EA9E33F571BDAD4D /* StartupFailureView.swift in Sources */,
				1F3FD337430E5786ADA03F40 /* TemplateBarView.swift in Sources */,
				78BE90FC010275086F0283C1 /* TemplateManagementView.swift in Sources */,
				14154192A38EC9EC98CEEFFC /* Transaction.swift in Sources */,
				9518C01319B7D3B8E9D5F2C0 /* TransactionMutationService.swift in Sources */,
				B9810EFEB42E21055212EDE1 /* TransactionTemplate.swift in Sources */,
				BC127538CDBB6E96B9C45313 /* ValidationMessage.swift in Sources */,
				C8E5CB5BE7E12308E665826C /* VisualDirectionExplorationView.swift in Sources */,
				33F008A1FD132222A2B1128C /* WeekendBudgetPreferences.swift in Sources */,
			);
			runOnlyForDeploymentPostprocessing = 0;
		};
		C59FA891D95C1429109D1B6A /* Sources */ = {
			isa = PBXSourcesBuildPhase;
			buildActionMask = 2147483647;
			files = (
				297C84DD5A6E76893D6656F8 /* FlashCountSmokeTests.swift in Sources */,
			);
			runOnlyForDeploymentPostprocessing = 0;
		};
/* End PBXSourcesBuildPhase section */

/* Begin PBXTargetDependency section */
		218CF6B335BDE4695AC635D8 /* PBXTargetDependency */ = {
			isa = PBXTargetDependency;
			target = CEA7B1E343522F154C31F430 /* FlashCount */;
			targetProxy = 23D48FB61B1684FED1A764D8 /* PBXContainerItemProxy */;
		};
		572C6DF40D83E3A5FEDF990A /* PBXTargetDependency */ = {
			isa = PBXTargetDependency;
			target = CEA7B1E343522F154C31F430 /* FlashCount */;
			targetProxy = 506DDBACC373561A23CCD4BC /* PBXContainerItemProxy */;
		};
		84454224BDE5DD0CB466A102 /* PBXTargetDependency */ = {
			isa = PBXTargetDependency;
			target = 451BED9B057F84F883B0413C /* FlashCountWidget */;
			targetProxy = 72E1CED782E191819D84189B /* PBXContainerItemProxy */;
		};
/* End PBXTargetDependency section */

/* Begin XCBuildConfiguration section */
		0F188CD2445B0EB99A852CC2 /* Release */ = {
			isa = XCBuildConfiguration;
			buildSettings = {
				ASSETCATALOG_COMPILER_APPICON_NAME = AppIcon;
				ASSETCATALOG_COMPILER_GLOBAL_ACCENT_COLOR_NAME = AccentColor;
				CODE_SIGN_ENTITLEMENTS = FlashCount/FlashCount.entitlements;
				CODE_SIGN_IDENTITY = "iPhone Developer";
				DEVELOPMENT_TEAM = 66WCCRKRLC;
				INFOPLIST_FILE = FlashCount/Info.plist;
				LD_RUNPATH_SEARCH_PATHS = (
					"$(inherited)",
					"@executable_path/Frameworks",
				);
				PRODUCT_BUNDLE_IDENTIFIER = com.flashcount.app;
				PROVISIONING_PROFILE_SPECIFIER = "";
				SDKROOT = iphoneos;
				SWIFT_EMIT_LOC_STRINGS = YES;
				TARGETED_DEVICE_FAMILY = 1;
			};
			name = Release;
		};
		387FE2A723FCF0A6872971E0 /* Release */ = {
			isa = XCBuildConfiguration;
			buildSettings = {
				ALWAYS_SEARCH_USER_PATHS = NO;
				CLANG_ANALYZER_NONNULL = YES;
				CLANG_ANALYZER_NUMBER_OBJECT_CONVERSION = YES_AGGRESSIVE;
				CLANG_CXX_LANGUAGE_STANDARD = "gnu++14";
				CLANG_CXX_LIBRARY = "libc++";
				CLANG_ENABLE_MODULES = YES;
				CLANG_ENABLE_OBJC_ARC = YES;
				CLANG_ENABLE_OBJC_WEAK = YES;
				CLANG_WARN_BLOCK_CAPTURE_AUTORELEASING = YES;
				CLANG_WARN_BOOL_CONVERSION = YES;
				CLANG_WARN_COMMA = YES;
				CLANG_WARN_CONSTANT_CONVERSION = YES;
				CLANG_WARN_DEPRECATED_OBJC_IMPLEMENTATIONS = YES;
				CLANG_WARN_DIRECT_OBJC_ISA_USAGE = YES_ERROR;
				CLANG_WARN_DOCUMENTATION_COMMENTS = YES;
				CLANG_WARN_EMPTY_BODY = YES;
				CLANG_WARN_ENUM_CONVERSION = YES;
				CLANG_WARN_INFINITE_RECURSION = YES;
				CLANG_WARN_INT_CONVERSION = YES;
				CLANG_WARN_NON_LITERAL_NULL_CONVERSION = YES;
				CLANG_WARN_OBJC_IMPLICIT_RETAIN_SELF = YES;
				CLANG_WARN_OBJC_LITERAL_CONVERSION = YES;
				CLANG_WARN_OBJC_ROOT_CLASS = YES_ERROR;
				CLANG_WARN_QUOTED_INCLUDE_IN_FRAMEWORK_HEADER = YES;
				CLANG_WARN_RANGE_LOOP_ANALYSIS = YES;
				CLANG_WARN_STRICT_PROTOTYPES = YES;
				CLANG_WARN_SUSPICIOUS_MOVE = YES;
				CLANG_WARN_UNGUARDED_AVAILABILITY = YES_AGGRESSIVE;
				CLANG_WARN_UNREACHABLE_CODE = YES;
				CLANG_WARN__DUPLICATE_METHOD_MATCH = YES;
				COPY_PHASE_STRIP = NO;
				CURRENT_PROJECT_VERSION = 7;
				DEBUG_INFORMATION_FORMAT = "dwarf-with-dsym";
				ENABLE_NS_ASSERTIONS = NO;
				ENABLE_STRICT_OBJC_MSGSEND = YES;
				GCC_C_LANGUAGE_STANDARD = gnu11;
				GCC_NO_COMMON_BLOCKS = YES;
				GCC_WARN_64_TO_32_BIT_CONVERSION = YES;
				GCC_WARN_ABOUT_RETURN_TYPE = YES_ERROR;
				GCC_WARN_UNDECLARED_SELECTOR = YES;
				GCC_WARN_UNINITIALIZED_AUTOS = YES_AGGRESSIVE;
				GCC_WARN_UNUSED_FUNCTION = YES;
				GCC_WARN_UNUSED_VARIABLE = YES;
				GENERATE_INFOPLIST_FILE = YES;
				IPHONEOS_DEPLOYMENT_TARGET = 17.0;
				MARKETING_VERSION = 1.4.3;
				MTL_ENABLE_DEBUG_INFO = NO;
				MTL_FAST_MATH = YES;
				PRODUCT_NAME = "$(TARGET_NAME)";
				SDKROOT = iphoneos;
				SWIFT_COMPILATION_MODE = wholemodule;
				SWIFT_OPTIMIZATION_LEVEL = "-O";
				SWIFT_VERSION = 5.9;
			};
			name = Release;
		};
		605D99F270E14DF32073EDE1 /* Debug */ = {
			isa = XCBuildConfiguration;
			buildSettings = {
				APPLICATION_EXTENSION_API_ONLY = YES;
				DEVELOPMENT_TEAM = "";
				GENERATE_INFOPLIST_FILE = NO;
				INFOPLIST_FILE = FlashCountWidget/Info.plist;
				LD_RUNPATH_SEARCH_PATHS = (
					"$(inherited)",
					"@executable_path/Frameworks",
					"@executable_path/../../Frameworks",
				);
				PRODUCT_BUNDLE_IDENTIFIER = com.flashcount.app.widget;
				SDKROOT = iphoneos;
				SKIP_INSTALL = YES;
				TARGETED_DEVICE_FAMILY = 1;
			};
			name = Debug;
		};
		6C3D9E97A625E95B92B45192 /* Debug */ = {
			isa = XCBuildConfiguration;
			buildSettings = {
				ALWAYS_SEARCH_USER_PATHS = NO;
				CLANG_ANALYZER_NONNULL = YES;
				CLANG_ANALYZER_NUMBER_OBJECT_CONVERSION = YES_AGGRESSIVE;
				CLANG_CXX_LANGUAGE_STANDARD = "gnu++14";
				CLANG_CXX_LIBRARY = "libc++";
				CLANG_ENABLE_MODULES = YES;
				CLANG_ENABLE_OBJC_ARC = YES;
				CLANG_ENABLE_OBJC_WEAK = YES;
				CLANG_WARN_BLOCK_CAPTURE_AUTORELEASING = YES;
				CLANG_WARN_BOOL_CONVERSION = YES;
				CLANG_WARN_COMMA = YES;
				CLANG_WARN_CONSTANT_CONVERSION = YES;
				CLANG_WARN_DEPRECATED_OBJC_IMPLEMENTATIONS = YES;
				CLANG_WARN_DIRECT_OBJC_ISA_USAGE = YES_ERROR;
				CLANG_WARN_DOCUMENTATION_COMMENTS = YES;
				CLANG_WARN_EMPTY_BODY = YES;
				CLANG_WARN_ENUM_CONVERSION = YES;
				CLANG_WARN_INFINITE_RECURSION = YES;
				CLANG_WARN_INT_CONVERSION = YES;
				CLANG_WARN_NON_LITERAL_NULL_CONVERSION = YES;
				CLANG_WARN_OBJC_IMPLICIT_RETAIN_SELF = YES;
				CLANG_WARN_OBJC_LITERAL_CONVERSION = YES;
				CLANG_WARN_OBJC_ROOT_CLASS = YES_ERROR;
				CLANG_WARN_QUOTED_INCLUDE_IN_FRAMEWORK_HEADER = YES;
				CLANG_WARN_RANGE_LOOP_ANALYSIS = YES;
				CLANG_WARN_STRICT_PROTOTYPES = YES;
				CLANG_WARN_SUSPICIOUS_MOVE = YES;
				CLANG_WARN_UNGUARDED_AVAILABILITY = YES_AGGRESSIVE;
				CLANG_WARN_UNREACHABLE_CODE = YES;
				CLANG_WARN__DUPLICATE_METHOD_MATCH = YES;
				COPY_PHASE_STRIP = NO;
				CURRENT_PROJECT_VERSION = 7;
				DEBUG_INFORMATION_FORMAT = dwarf;
				ENABLE_STRICT_OBJC_MSGSEND = YES;
				ENABLE_TESTABILITY = YES;
				GCC_C_LANGUAGE_STANDARD = gnu11;
				GCC_DYNAMIC_NO_PIC = NO;
				GCC_NO_COMMON_BLOCKS = YES;
				GCC_OPTIMIZATION_LEVEL = 0;
				GCC_PREPROCESSOR_DEFINITIONS = (
					"$(inherited)",
					"DEBUG=1",
				);
				GCC_WARN_64_TO_32_BIT_CONVERSION = YES;
				GCC_WARN_ABOUT_RETURN_TYPE = YES_ERROR;
				GCC_WARN_UNDECLARED_SELECTOR = YES;
				GCC_WARN_UNINITIALIZED_AUTOS = YES_AGGRESSIVE;
				GCC_WARN_UNUSED_FUNCTION = YES;
				GCC_WARN_UNUSED_VARIABLE = YES;
				GENERATE_INFOPLIST_FILE = YES;
				IPHONEOS_DEPLOYMENT_TARGET = 17.0;
				MARKETING_VERSION = 1.4.3;
				MTL_ENABLE_DEBUG_INFO = INCLUDE_SOURCE;
				MTL_FAST_MATH = YES;
				ONLY_ACTIVE_ARCH = YES;
				PRODUCT_NAME = "$(TARGET_NAME)";
				SDKROOT = iphoneos;
				SWIFT_ACTIVE_COMPILATION_CONDITIONS = DEBUG;
				SWIFT_OPTIMIZATION_LEVEL = "-Onone";
				SWIFT_VERSION = 5.9;
			};
			name = Debug;
		};
		8F9AAFB1CFAC79D45C1A9D59 /* Release */ = {
			isa = XCBuildConfiguration;
			buildSettings = {
				APPLICATION_EXTENSION_API_ONLY = YES;
				DEVELOPMENT_TEAM = 66WCCRKRLC;
				GENERATE_INFOPLIST_FILE = NO;
				INFOPLIST_FILE = FlashCountWidget/Info.plist;
				LD_RUNPATH_SEARCH_PATHS = (
					"$(inherited)",
					"@executable_path/Frameworks",
					"@executable_path/../../Frameworks",
				);
				PRODUCT_BUNDLE_IDENTIFIER = com.flashcount.app.widget;
				PROVISIONING_PROFILE_SPECIFIER = "";
				SDKROOT = iphoneos;
				SKIP_INSTALL = YES;
				TARGETED_DEVICE_FAMILY = 1;
			};
			name = Release;
		};
		9E294DBC2FE90E1707D1DEF7 /* Debug */ = {
			isa = XCBuildConfiguration;
			buildSettings = {
				BUNDLE_LOADER = "$(TEST_HOST)";
				LD_RUNPATH_SEARCH_PATHS = (
					"$(inherited)",
					"@executable_path/Frameworks",
					"@loader_path/Frameworks",
				);
				PRODUCT_BUNDLE_IDENTIFIER = com.flashcount.FlashCountUITests;
				SDKROOT = iphoneos;
				TARGETED_DEVICE_FAMILY = "1,2";
				TEST_TARGET_NAME = FlashCount;
			};
			name = Debug;
		};
		A0C14E59BF822B10B8DAF545 /* Release */ = {
			isa = XCBuildConfiguration;
			buildSettings = {
				BUNDLE_LOADER = "$(TEST_HOST)";
				LD_RUNPATH_SEARCH_PATHS = (
					"$(inherited)",
					"@executable_path/Frameworks",
					"@loader_path/Frameworks",
				);
				PRODUCT_BUNDLE_IDENTIFIER = com.flashcount.FlashCountUITests;
				SDKROOT = iphoneos;
				TARGETED_DEVICE_FAMILY = "1,2";
				TEST_TARGET_NAME = FlashCount;
			};
			name = Release;
		};
		BA0463994718A1AEAFDA00D4 /* Debug */ = {
			isa = XCBuildConfiguration;
			buildSettings = {
				ASSETCATALOG_COMPILER_APPICON_NAME = AppIcon;
				ASSETCATALOG_COMPILER_GLOBAL_ACCENT_COLOR_NAME = AccentColor;
				CODE_SIGN_ENTITLEMENTS = FlashCount/FlashCount.entitlements;
				CODE_SIGN_IDENTITY = "iPhone Developer";
				DEVELOPMENT_TEAM = "";
				INFOPLIST_FILE = FlashCount/Info.plist;
				LD_RUNPATH_SEARCH_PATHS = (
					"$(inherited)",
					"@executable_path/Frameworks",
				);
				PRODUCT_BUNDLE_IDENTIFIER = com.flashcount.app;
				SDKROOT = iphoneos;
				SWIFT_EMIT_LOC_STRINGS = YES;
				TARGETED_DEVICE_FAMILY = 1;
			};
			name = Debug;
		};
		E9B881A005B2B71A8CC27833 /* Debug */ = {
			isa = XCBuildConfiguration;
			buildSettings = {
				BUNDLE_LOADER = "$(TEST_HOST)";
				LD_RUNPATH_SEARCH_PATHS = (
					"$(inherited)",
					"@executable_path/Frameworks",
					"@loader_path/Frameworks",
				);
				PRODUCT_BUNDLE_IDENTIFIER = com.flashcount.FlashCountTests;
				SDKROOT = iphoneos;
				TARGETED_DEVICE_FAMILY = "1,2";
				TEST_HOST = "$(BUILT_PRODUCTS_DIR)/FlashCount.app/FlashCount";
			};
			name = Debug;
		};
		EE654D267DD717A4276B1A2D /* Release */ = {
			isa = XCBuildConfiguration;
			buildSettings = {
				BUNDLE_LOADER = "$(TEST_HOST)";
				LD_RUNPATH_SEARCH_PATHS = (
					"$(inherited)",
					"@executable_path/Frameworks",
					"@loader_path/Frameworks",
				);
				PRODUCT_BUNDLE_IDENTIFIER = com.flashcount.FlashCountTests;
				SDKROOT = iphoneos;
				TARGETED_DEVICE_FAMILY = "1,2";
				TEST_HOST = "$(BUILT_PRODUCTS_DIR)/FlashCount.app/FlashCount";
			};
			name = Release;
		};
/* End XCBuildConfiguration section */

/* Begin XCConfigurationList section */
		379CC0E6BD0FCB2629D0CF4D /* Build configuration list for PBXNativeTarget "FlashCountUITests" */ = {
			isa = XCConfigurationList;
			buildConfigurations = (
				9E294DBC2FE90E1707D1DEF7 /* Debug */,
				A0C14E59BF822B10B8DAF545 /* Release */,
			);
			defaultConfigurationIsVisible = 0;
			defaultConfigurationName = Debug;
		};
		4F21CD3E9BCB24298660F23D /* Build configuration list for PBXNativeTarget "FlashCountTests" */ = {
			isa = XCConfigurationList;
			buildConfigurations = (
				E9B881A005B2B71A8CC27833 /* Debug */,
				EE654D267DD717A4276B1A2D /* Release */,
			);
			defaultConfigurationIsVisible = 0;
			defaultConfigurationName = Debug;
		};
		8017EBF354FD580CCF75AF49 /* Build configuration list for PBXNativeTarget "FlashCountWidget" */ = {
			isa = XCConfigurationList;
			buildConfigurations = (
				605D99F270E14DF32073EDE1 /* Debug */,
				8F9AAFB1CFAC79D45C1A9D59 /* Release */,
			);
			defaultConfigurationIsVisible = 0;
			defaultConfigurationName = Debug;
		};
		B477BC4F0AE3344E77BB30CB /* Build configuration list for PBXNativeTarget "FlashCount" */ = {
			isa = XCConfigurationList;
			buildConfigurations = (
				BA0463994718A1AEAFDA00D4 /* Debug */,
				0F188CD2445B0EB99A852CC2 /* Release */,
			);
			defaultConfigurationIsVisible = 0;
			defaultConfigurationName = Debug;
		};
		E9E7EF00E3D94ABF3F0D6A6A /* Build configuration list for PBXProject "FlashCount" */ = {
			isa = XCConfigurationList;
			buildConfigurations = (
				6C3D9E97A625E95B92B45192 /* Debug */,
				387FE2A723FCF0A6872971E0 /* Release */,
			);
			defaultConfigurationIsVisible = 0;
			defaultConfigurationName = Debug;
		};
/* End XCConfigurationList section */
	};
	rootObject = 2A0D6562311AC34A1F3D04EB /* Project object */;
}
